// !$*UTF8*$!
{
	archiveVersion = 1;
	classes = {
	};
	objectVersion = 56;
	objects = {

/* Begin PBXBuildFile section */
		3905CFD52A9B2E1C00CF4AB4 /* KakaoSignInButton.swift in Sources */ = {isa = PBXBuildFile; fileRef = 3905CFD42A9B2E1C00CF4AB4 /* KakaoSignInButton.swift */; };
		390F8F032A3F1E29007B66CD /* KeychainManager.swift in Sources */ = {isa = PBXBuildFile; fileRef = 390F8F022A3F1E29007B66CD /* KeychainManager.swift */; };
		390F8F052A3F30EE007B66CD /* SignInProviderType.swift in Sources */ = {isa = PBXBuildFile; fileRef = 390F8F042A3F30EE007B66CD /* SignInProviderType.swift */; };
		391824D02A17A816001147BB /* Roboto-Regular.ttf in Resources */ = {isa = PBXBuildFile; fileRef = 39EB018E2A176C1A00A12674 /* Roboto-Regular.ttf */; };
		391824D12A17A816001147BB /* Roboto-Bold.ttf in Resources */ = {isa = PBXBuildFile; fileRef = 39EB018F2A176C1A00A12674 /* Roboto-Bold.ttf */; };
		391824D22A17A816001147BB /* Roboto-Medium.ttf in Resources */ = {isa = PBXBuildFile; fileRef = 39EB018D2A176C1A00A12674 /* Roboto-Medium.ttf */; };
		391D53002A76704B00EE1F8A /* TeamResponse.swift in Sources */ = {isa = PBXBuildFile; fileRef = 391D52FF2A76704B00EE1F8A /* TeamResponse.swift */; };
		391D53042A76706500EE1F8A /* SubjectType.swift in Sources */ = {isa = PBXBuildFile; fileRef = 391D53032A76706500EE1F8A /* SubjectType.swift */; };
		391D53062A76707000EE1F8A /* HashTag.swift in Sources */ = {isa = PBXBuildFile; fileRef = 391D53052A76707000EE1F8A /* HashTag.swift */; };
		391D53082A769F2000EE1F8A /* SubmitButton.swift in Sources */ = {isa = PBXBuildFile; fileRef = 391D53072A769F2000EE1F8A /* SubmitButton.swift */; };
		391D530A2A76B14D00EE1F8A /* SubmissionFormView.swift in Sources */ = {isa = PBXBuildFile; fileRef = 391D53092A76B14D00EE1F8A /* SubmissionFormView.swift */; };
		391D52F82A76250F00EE1F8A /* SignInError.swift in Sources */ = {isa = PBXBuildFile; fileRef = 391D52F72A76250F00EE1F8A /* SignInError.swift */; };
		392B975C2A4C1CC000112529 /* KakaoLoginTests.swift in Sources */ = {isa = PBXBuildFile; fileRef = 392B975B2A4C1CC000112529 /* KakaoLoginTests.swift */; };
		392B97612A4C5BF200112529 /* KeychainServiceTests.swift in Sources */ = {isa = PBXBuildFile; fileRef = 392B97602A4C5BF200112529 /* KeychainServiceTests.swift */; };
		392B97632A4C60E900112529 /* KakaoAuthError.swift in Sources */ = {isa = PBXBuildFile; fileRef = 392B97622A4C60E900112529 /* KakaoAuthError.swift */; };
		394A95862A3FFC3E00501B32 /* PhotoPicker.swift in Sources */ = {isa = PBXBuildFile; fileRef = 394A95852A3FFC3E00501B32 /* PhotoPicker.swift */; };
		394A95882A4052CB00501B32 /* Error.swift in Sources */ = {isa = PBXBuildFile; fileRef = 394A95872A4052CB00501B32 /* Error.swift */; };
		394A958A2A40A37400501B32 /* Encodable.swift in Sources */ = {isa = PBXBuildFile; fileRef = 394A95892A40A37400501B32 /* Encodable.swift */; };
		394A958C2A40A6C300501B32 /* CustomEncodingError.swift in Sources */ = {isa = PBXBuildFile; fileRef = 394A958B2A40A6C300501B32 /* CustomEncodingError.swift */; };
		3953927A2A85BC29000D17F7 /* WritePostError.swift in Sources */ = {isa = PBXBuildFile; fileRef = 395392792A85BC29000D17F7 /* WritePostError.swift */; };
		3960884E2A8F4ADF00FF2289 /* BorderedTextEditorWithTitle.swift in Sources */ = {isa = PBXBuildFile; fileRef = 3960884D2A8F4ADF00FF2289 /* BorderedTextEditorWithTitle.swift */; };
		3959A4F32A41E92300AF9622 /* ProfileUpdateResponseDetail.swift in Sources */ = {isa = PBXBuildFile; fileRef = 3959A4F22A41E92300AF9622 /* ProfileUpdateResponseDetail.swift */; };
		3959A4F52A41E93300AF9622 /* ProfileUpdateResponse.swift in Sources */ = {isa = PBXBuildFile; fileRef = 3959A4F42A41E93300AF9622 /* ProfileUpdateResponse.swift */; };
		39694FEE29E6D78F00F2C75C /* PostTextEditor.swift in Sources */ = {isa = PBXBuildFile; fileRef = 39694FED29E6D78F00F2C75C /* PostTextEditor.swift */; };
		397662912A94C0880002BC3D /* ButtonConstants.swift in Sources */ = {isa = PBXBuildFile; fileRef = 397662902A94C0880002BC3D /* ButtonConstants.swift */; };
		397662932A94C0A40002BC3D /* SubmitButtonFont.swift in Sources */ = {isa = PBXBuildFile; fileRef = 397662922A94C0A40002BC3D /* SubmitButtonFont.swift */; };
		398031292A16602F00AD5B05 /* TeamDetail.swift in Sources */ = {isa = PBXBuildFile; fileRef = 398031282A16602F00AD5B05 /* TeamDetail.swift */; };
		3993A9A52A4E9BC9007063EB /* KakaoAuthService.swift in Sources */ = {isa = PBXBuildFile; fileRef = 3993A9A42A4E9BC9007063EB /* KakaoAuthService.swift */; };
		399682602A2612BD00CB04B8 /* FetchTeamsTests.swift in Sources */ = {isa = PBXBuildFile; fileRef = 3996825F2A2612BD00CB04B8 /* FetchTeamsTests.swift */; };
		3999833229EED3CE0009372F /* ReceivedPostCell.swift in Sources */ = {isa = PBXBuildFile; fileRef = 3999833129EED3CE0009372F /* ReceivedPostCell.swift */; };
		399E76EF29DAEDD3007AE239 /* ChatDetailView.swift in Sources */ = {isa = PBXBuildFile; fileRef = 399E76EE29DAEDD3007AE239 /* ChatDetailView.swift */; };
		399E76F129DAF403007AE239 /* ChatBubbleView.swift in Sources */ = {isa = PBXBuildFile; fileRef = 399E76F029DAF403007AE239 /* ChatBubbleView.swift */; };
		39A1B1A32A0F5B9C00D6FA1F /* DebugModel.swift in Sources */ = {isa = PBXBuildFile; fileRef = 39A1B1A22A0F5B9C00D6FA1F /* DebugModel.swift */; };
		39AB6BD12A8526D100B58659 /* WritePostRoleAlert.swift in Sources */ = {isa = PBXBuildFile; fileRef = 39AB6BD02A8526D100B58659 /* WritePostRoleAlert.swift */; };
		39AB6BD32A85274B00B58659 /* WritePostViewModel.swift in Sources */ = {isa = PBXBuildFile; fileRef = 39AB6BD22A85274B00B58659 /* WritePostViewModel.swift */; };
		39AB6BD52A852DFF00B58659 /* WritePostResponse.swift in Sources */ = {isa = PBXBuildFile; fileRef = 39AB6BD42A852DFF00B58659 /* WritePostResponse.swift */; };
		39A7C38D2A3E1164005064D9 /* AuthenticationManager.swift in Sources */ = {isa = PBXBuildFile; fileRef = 39A7C38C2A3E1164005064D9 /* AuthenticationManager.swift */; };
		39BD3EEC2A14B0DF00E14DCA /* NetworkServiceTests.swift in Sources */ = {isa = PBXBuildFile; fileRef = 39BD3EEB2A14B0DF00E14DCA /* NetworkServiceTests.swift */; };
		39BD3EEE2A14B51200E14DCA /* FirebaseStorage in Frameworks */ = {isa = PBXBuildFile; productRef = 39BD3EED2A14B51200E14DCA /* FirebaseStorage */; };
		39BD81D529E402ED00F35E0B /* ReceivedPostView.swift in Sources */ = {isa = PBXBuildFile; fileRef = 39BD81D429E402ED00F35E0B /* ReceivedPostView.swift */; };
		39BD81D729E4034B00F35E0B /* ReceivedPostViewModel.swift in Sources */ = {isa = PBXBuildFile; fileRef = 39BD81D629E4034B00F35E0B /* ReceivedPostViewModel.swift */; };
		39C128AD2A657C8C00B232D6 /* AppleAuthService.swift in Sources */ = {isa = PBXBuildFile; fileRef = 39C128AC2A657C8C00B232D6 /* AppleAuthService.swift */; };
		39C128AF2A657CB000B232D6 /* AppleSignInRequest.swift in Sources */ = {isa = PBXBuildFile; fileRef = 39C128AE2A657CB000B232D6 /* AppleSignInRequest.swift */; };
		39C128B12A657CEB00B232D6 /* AppleAuthError.swift in Sources */ = {isa = PBXBuildFile; fileRef = 39C128B02A657CEB00B232D6 /* AppleAuthError.swift */; };
		39D655FB29F17C4300C17C1B /* SubscribeTagView.swift in Sources */ = {isa = PBXBuildFile; fileRef = 39D655FA29F17C4300C17C1B /* SubscribeTagView.swift */; };
		39D655FD29F17C5400C17C1B /* SubscribeTagCell.swift in Sources */ = {isa = PBXBuildFile; fileRef = 39D655FC29F17C5400C17C1B /* SubscribeTagCell.swift */; };
		39D655FF29F17D1F00C17C1B /* SubscribeTagViewModel.swift in Sources */ = {isa = PBXBuildFile; fileRef = 39D655FE29F17D1F00C17C1B /* SubscribeTagViewModel.swift */; };
		39D8DCCD2A3C5ECA007530A9 /* SignInResponse.swift in Sources */ = {isa = PBXBuildFile; fileRef = 39D8DCCC2A3C5ECA007530A9 /* SignInResponse.swift */; };
		39D8DCCF2A3C5EDA007530A9 /* SignInResponseDetail.swift in Sources */ = {isa = PBXBuildFile; fileRef = 39D8DCCE2A3C5EDA007530A9 /* SignInResponseDetail.swift */; };
		39D8DCD12A3C602A007530A9 /* UserData.swift in Sources */ = {isa = PBXBuildFile; fileRef = 39D8DCD02A3C602A007530A9 /* UserData.swift */; };
		39DD090D2A4B371000F69828 /* KeychainServiceType.swift in Sources */ = {isa = PBXBuildFile; fileRef = 39DD090C2A4B371000F69828 /* KeychainServiceType.swift */; };
		39DD090F2A4B371E00F69828 /* KeychainError.swift in Sources */ = {isa = PBXBuildFile; fileRef = 39DD090E2A4B371E00F69828 /* KeychainError.swift */; };
		39EB01922A176E0D00A12674 /* FontContstant.swift in Sources */ = {isa = PBXBuildFile; fileRef = 39EB01912A176E0D00A12674 /* FontContstant.swift */; };
		39EB01942A177FFD00A12674 /* Font.swift in Sources */ = {isa = PBXBuildFile; fileRef = 39EB01932A177FFD00A12674 /* Font.swift */; };
		39FC1C6629DC4DDB00C08070 /* ChatDetailViewModel.swift in Sources */ = {isa = PBXBuildFile; fileRef = 39FC1C6529DC4DDB00C08070 /* ChatDetailViewModel.swift */; };
		39FC1C6829DC4DF300C08070 /* ChatBubbleShape.swift in Sources */ = {isa = PBXBuildFile; fileRef = 39FC1C6729DC4DF300C08070 /* ChatBubbleShape.swift */; };
		DE47790929F1634100C0EC3E /* Coordinator.swift in Sources */ = {isa = PBXBuildFile; fileRef = DE47790829F1634000C0EC3E /* Coordinator.swift */; };
		DE47790E29F4005700C0EC3E /* Destination.swift in Sources */ = {isa = PBXBuildFile; fileRef = DE47790D29F4005700C0EC3E /* Destination.swift */; };
		DE4779572A0FBDF300C0EC3E /* Shadow.swift in Sources */ = {isa = PBXBuildFile; fileRef = DE4779562A0FBDF300C0EC3E /* Shadow.swift */; };
		DE4E91652989128E00EC009F /* KakaoSDK in Frameworks */ = {isa = PBXBuildFile; productRef = DE4E91642989128E00EC009F /* KakaoSDK */; };
		DE5E998C29D4780100D32B8E /* ProfileEditView.swift in Sources */ = {isa = PBXBuildFile; fileRef = DE5E998B29D4780100D32B8E /* ProfileEditView.swift */; };
		DE5E998E29D4799000D32B8E /* ProfileEditViewModel.swift in Sources */ = {isa = PBXBuildFile; fileRef = DE5E998D29D4799000D32B8E /* ProfileEditViewModel.swift */; };
		DE6FBDE62990E83400816A7D /* MainView.swift in Sources */ = {isa = PBXBuildFile; fileRef = DE6FBDE52990E83400816A7D /* MainView.swift */; };
		DE6FBDE82990E89200816A7D /* View.swift in Sources */ = {isa = PBXBuildFile; fileRef = DE6FBDE72990E89200816A7D /* View.swift */; };
		DE6FBDEC2990EAFC00816A7D /* NavigationBar.swift in Sources */ = {isa = PBXBuildFile; fileRef = DE6FBDEB2990EAFC00816A7D /* NavigationBar.swift */; };
		DE6FBDF12990EBDB00816A7D /* ColorConstant.swift in Sources */ = {isa = PBXBuildFile; fileRef = DE6FBDF02990EBDB00816A7D /* ColorConstant.swift */; };
		DE6FBDF32990ED9100816A7D /* Color.swift in Sources */ = {isa = PBXBuildFile; fileRef = DE6FBDF22990ED9100816A7D /* Color.swift */; };
		DE7057592A43287600C87D6A /* MyWishView.swift in Sources */ = {isa = PBXBuildFile; fileRef = DE7057582A43287600C87D6A /* MyWishView.swift */; };
		DE70575B2A43292300C87D6A /* MyWishViewModel.swift in Sources */ = {isa = PBXBuildFile; fileRef = DE70575A2A43292200C87D6A /* MyWishViewModel.swift */; };
		DE7B0B7829D8860D00CB90FE /* ChatListView.swift in Sources */ = {isa = PBXBuildFile; fileRef = DE7B0B7729D8860D00CB90FE /* ChatListView.swift */; };
		DE7B0B7A29D8861A00CB90FE /* ChatListViewModel.swift in Sources */ = {isa = PBXBuildFile; fileRef = DE7B0B7929D8861A00CB90FE /* ChatListViewModel.swift */; };
		DE7B0B7D29D88A9100CB90FE /* ChatCellView.swift in Sources */ = {isa = PBXBuildFile; fileRef = DE7B0B7C29D88A9100CB90FE /* ChatCellView.swift */; };
		DE7B0B7F29DB0C5E00CB90FE /* LocationViewWrapper.swift in Sources */ = {isa = PBXBuildFile; fileRef = DE7B0B7E29DB0C5E00CB90FE /* LocationViewWrapper.swift */; };
		DE7B0B8129DEE97F00CB90FE /* UIScreen.swift in Sources */ = {isa = PBXBuildFile; fileRef = DE7B0B8029DEE97F00CB90FE /* UIScreen.swift */; };
		DE9BD35D295853B300F28F1A /* NineInTeam.swift in Sources */ = {isa = PBXBuildFile; fileRef = DE9BD35C295853B300F28F1A /* NineInTeam.swift */; };
		DE9BD361295853B800F28F1A /* Assets.xcassets in Resources */ = {isa = PBXBuildFile; fileRef = DE9BD360295853B800F28F1A /* Assets.xcassets */; };
		DE9BD364295853B800F28F1A /* Preview Assets.xcassets in Resources */ = {isa = PBXBuildFile; fileRef = DE9BD363295853B800F28F1A /* Preview Assets.xcassets */; };
		DE9BD36E295853B900F28F1A /* NineInTeamTests.swift in Sources */ = {isa = PBXBuildFile; fileRef = DE9BD36D295853B900F28F1A /* NineInTeamTests.swift */; };
		DE9BD378295853B900F28F1A /* NineInTeamUITests.swift in Sources */ = {isa = PBXBuildFile; fileRef = DE9BD377295853B900F28F1A /* NineInTeamUITests.swift */; };
		DE9BD37A295853B900F28F1A /* NineInTeamUITestsLaunchTests.swift in Sources */ = {isa = PBXBuildFile; fileRef = DE9BD379295853B900F28F1A /* NineInTeamUITestsLaunchTests.swift */; };
		DE9BD3912958610C00F28F1A /* .swiftlint.yml in Resources */ = {isa = PBXBuildFile; fileRef = DE9BD3902958610C00F28F1A /* .swiftlint.yml */; };
		DEA2B66929702FD000B77335 /* SignInView.swift in Sources */ = {isa = PBXBuildFile; fileRef = DEA2B66829702FD000B77335 /* SignInView.swift */; };
		DEA2B66C2970301A00B77335 /* BaseView.swift in Sources */ = {isa = PBXBuildFile; fileRef = DEA2B66B2970301A00B77335 /* BaseView.swift */; };
		DEA2B66F2970305800B77335 /* LoadingView.swift in Sources */ = {isa = PBXBuildFile; fileRef = DEA2B66E2970305800B77335 /* LoadingView.swift */; };
		DEA2B6712970305E00B77335 /* ToastView.swift in Sources */ = {isa = PBXBuildFile; fileRef = DEA2B6702970305E00B77335 /* ToastView.swift */; };
		DEB0D35F29B0D77900B5E1B9 /* TabViewNavigationBar.swift in Sources */ = {isa = PBXBuildFile; fileRef = DEB0D35E29B0D77900B5E1B9 /* TabViewNavigationBar.swift */; };
		DEB0D36129B0E7EC00B5E1B9 /* RoundedCorner.swift in Sources */ = {isa = PBXBuildFile; fileRef = DEB0D36029B0E7EC00B5E1B9 /* RoundedCorner.swift */; };
		DEB0D36329B76CCD00B5E1B9 /* HomeView.swift in Sources */ = {isa = PBXBuildFile; fileRef = DEB0D36229B76CCD00B5E1B9 /* HomeView.swift */; };
		DEB0D36529B76D3000B5E1B9 /* HomeViewModel.swift in Sources */ = {isa = PBXBuildFile; fileRef = DEB0D36429B76D3000B5E1B9 /* HomeViewModel.swift */; };
		DEB0D36729B76EC100B5E1B9 /* Team.swift in Sources */ = {isa = PBXBuildFile; fileRef = DEB0D36629B76EC100B5E1B9 /* Team.swift */; };
		DEB0D36929B7714D00B5E1B9 /* TeamCellView.swift in Sources */ = {isa = PBXBuildFile; fileRef = DEB0D36829B7714D00B5E1B9 /* TeamCellView.swift */; };
		DEB0D36D29BB6B8D00B5E1B9 /* TeamDetailView.swift in Sources */ = {isa = PBXBuildFile; fileRef = DEB0D36C29BB6B8D00B5E1B9 /* TeamDetailView.swift */; };
		DEB0D36F29BF4FE900B5E1B9 /* BottomNavigationItem.swift in Sources */ = {isa = PBXBuildFile; fileRef = DEB0D36E29BF4FE900B5E1B9 /* BottomNavigationItem.swift */; };
		DEB0D37129C09EB300B5E1B9 /* MySubscribeView.swift in Sources */ = {isa = PBXBuildFile; fileRef = DEB0D37029C09EB300B5E1B9 /* MySubscribeView.swift */; };
		DEB0D37329C0ADD700B5E1B9 /* MySubscribeViewModel.swift in Sources */ = {isa = PBXBuildFile; fileRef = DEB0D37229C0ADD700B5E1B9 /* MySubscribeViewModel.swift */; };
		DEB0D37529C0AE3C00B5E1B9 /* MyPostView.swift in Sources */ = {isa = PBXBuildFile; fileRef = DEB0D37429C0AE3C00B5E1B9 /* MyPostView.swift */; };
		DEB0D37729C0AE4900B5E1B9 /* MyPostViewModel.swift in Sources */ = {isa = PBXBuildFile; fileRef = DEB0D37629C0AE4900B5E1B9 /* MyPostViewModel.swift */; };
		DEB0D37929C0AEC500B5E1B9 /* MyResumeView.swift in Sources */ = {isa = PBXBuildFile; fileRef = DEB0D37829C0AEC500B5E1B9 /* MyResumeView.swift */; };
		DEB0D37B29C0AECD00B5E1B9 /* MyResumeViewModel.swift in Sources */ = {isa = PBXBuildFile; fileRef = DEB0D37A29C0AECD00B5E1B9 /* MyResumeViewModel.swift */; };
		DEB0D37D29C1FFF800B5E1B9 /* TextWithFont.swift in Sources */ = {isa = PBXBuildFile; fileRef = DEB0D37C29C1FFF800B5E1B9 /* TextWithFont.swift */; };
		DEB0D38029C3475200B5E1B9 /* Subscribe.swift in Sources */ = {isa = PBXBuildFile; fileRef = DEB0D37F29C3475200B5E1B9 /* Subscribe.swift */; };
		DEB0D38329C349BD00B5E1B9 /* Post.swift in Sources */ = {isa = PBXBuildFile; fileRef = DEB0D38229C349BD00B5E1B9 /* Post.swift */; };
		DEB0D38529C34A1900B5E1B9 /* PostCellView.swift in Sources */ = {isa = PBXBuildFile; fileRef = DEB0D38429C34A1900B5E1B9 /* PostCellView.swift */; };
		DEB0D38729C62D4700B5E1B9 /* Resume.swift in Sources */ = {isa = PBXBuildFile; fileRef = DEB0D38629C62D4700B5E1B9 /* Resume.swift */; };
		DEB0D38A29C62D5B00B5E1B9 /* ResumeCellView.swift in Sources */ = {isa = PBXBuildFile; fileRef = DEB0D38929C62D5B00B5E1B9 /* ResumeCellView.swift */; };
		DEB0D38C29C6C44000B5E1B9 /* SubscribeCellView.swift in Sources */ = {isa = PBXBuildFile; fileRef = DEB0D38B29C6C44000B5E1B9 /* SubscribeCellView.swift */; };
		DEB0D38F29C8866300B5E1B9 /* PostDetailView.swift in Sources */ = {isa = PBXBuildFile; fileRef = DEB0D38E29C8866300B5E1B9 /* PostDetailView.swift */; };
		DEB0D39229C889E900B5E1B9 /* WritePostView.swift in Sources */ = {isa = PBXBuildFile; fileRef = DEB0D39129C889E900B5E1B9 /* WritePostView.swift */; };
		DEB34E79297039FF00C0B973 /* BaseViewModel.swift in Sources */ = {isa = PBXBuildFile; fileRef = DEB34E78297039FF00C0B973 /* BaseViewModel.swift */; };
		DEB34E7C29703B2E00C0B973 /* NetworkProtocol.swift in Sources */ = {isa = PBXBuildFile; fileRef = DEB34E7B29703B2E00C0B973 /* NetworkProtocol.swift */; };
		DEB34E7E29703B3900C0B973 /* NetworkService.swift in Sources */ = {isa = PBXBuildFile; fileRef = DEB34E7D29703B3900C0B973 /* NetworkService.swift */; };
		DEB34E8E297168A500C0B973 /* NetworkError.swift in Sources */ = {isa = PBXBuildFile; fileRef = DEB34E8D297168A500C0B973 /* NetworkError.swift */; };
		DEB34E90297168CF00C0B973 /* LifeCycleError.swift in Sources */ = {isa = PBXBuildFile; fileRef = DEB34E8F297168CF00C0B973 /* LifeCycleError.swift */; };
		DEB34E92297168EB00C0B973 /* HeaderType.swift in Sources */ = {isa = PBXBuildFile; fileRef = DEB34E91297168EB00C0B973 /* HeaderType.swift */; };
		DEB34E9829716F2200C0B973 /* UIImage.swift in Sources */ = {isa = PBXBuildFile; fileRef = DEB34E9729716F2200C0B973 /* UIImage.swift */; };
		DEB34E9A2971704A00C0B973 /* Data.swift in Sources */ = {isa = PBXBuildFile; fileRef = DEB34E992971704A00C0B973 /* Data.swift */; };
		DEB34EAA298FA30200C0B973 /* EndPoint.swift in Sources */ = {isa = PBXBuildFile; fileRef = DEB34EA9298FA30200C0B973 /* EndPoint.swift */; };
		DEB38C8A29C9D90500EF915E /* CheckboxButtonGroups.swift in Sources */ = {isa = PBXBuildFile; fileRef = DEB38C8929C9D90500EF915E /* CheckboxButtonGroups.swift */; };
		DEB38C8E29C9D94A00EF915E /* RadioButtonField.swift in Sources */ = {isa = PBXBuildFile; fileRef = DEB38C8D29C9D94A00EF915E /* RadioButtonField.swift */; };
		DEB38C9029CB23C800EF915E /* AppState.swift in Sources */ = {isa = PBXBuildFile; fileRef = DEB38C8F29CB23C800EF915E /* AppState.swift */; };
		DEB38C9229CB294D00EF915E /* DefaultAlert.swift in Sources */ = {isa = PBXBuildFile; fileRef = DEB38C9129CB294D00EF915E /* DefaultAlert.swift */; };
		DEB38C9429CC964900EF915E /* RecruitmentRole.swift in Sources */ = {isa = PBXBuildFile; fileRef = DEB38C9329CC964900EF915E /* RecruitmentRole.swift */; };
		DEB38C9629CDE1FC00EF915E /* SubmissionFormType.swift in Sources */ = {isa = PBXBuildFile; fileRef = DEB38C9529CDE1FC00EF915E /* SubmissionFormType.swift */; };
		DEB38C9829CDE2AA00EF915E /* SubmissionForm.swift in Sources */ = {isa = PBXBuildFile; fileRef = DEB38C9729CDE2AA00EF915E /* SubmissionForm.swift */; };
		DEB38C9B29CEF77100EF915E /* BaseAlert.swift in Sources */ = {isa = PBXBuildFile; fileRef = DEB38C9A29CEF77100EF915E /* BaseAlert.swift */; };
		DEBCCF202A4C5EF200CEA032 /* Chat.swift in Sources */ = {isa = PBXBuildFile; fileRef = DEBCCF1F2A4C5EF200CEA032 /* Chat.swift */; };
		DEBCCF222A50873F00CEA032 /* ChatRoom.swift in Sources */ = {isa = PBXBuildFile; fileRef = DEBCCF212A50873F00CEA032 /* ChatRoom.swift */; };
		DEC0F0FF29ACE4480035851E /* Line.swift in Sources */ = {isa = PBXBuildFile; fileRef = DEC0F0FE29ACE4480035851E /* Line.swift */; };
		DEC0F10129AE1FC70035851E /* ApplicationSwitcher.swift in Sources */ = {isa = PBXBuildFile; fileRef = DEC0F10029AE1FC70035851E /* ApplicationSwitcher.swift */; };
		DEC6A82D2991D8D300AD0873 /* GodoB.otf in Resources */ = {isa = PBXBuildFile; fileRef = DEC6A82C2991D8D300AD0873 /* GodoB.otf */; };
		DEC82E0D299667CE00D17C50 /* UrlType.swift in Sources */ = {isa = PBXBuildFile; fileRef = DEC82E0C299667CE00D17C50 /* UrlType.swift */; };
		DEC82E0F29966D1400D17C50 /* BaseResponseModel.swift in Sources */ = {isa = PBXBuildFile; fileRef = DEC82E0E29966D1400D17C50 /* BaseResponseModel.swift */; };
		DEC82E11299A5B3E00D17C50 /* EmbedCircleImageView.swift in Sources */ = {isa = PBXBuildFile; fileRef = DEC82E10299A5B3E00D17C50 /* EmbedCircleImageView.swift */; };
		DEC82E1629A39FAF00D17C50 /* TestNetworkService.swift in Sources */ = {isa = PBXBuildFile; fileRef = DEC82E1529A39FAF00D17C50 /* TestNetworkService.swift */; };
		DEC82E1A29A3A3E000D17C50 /* TestResponseData.swift in Sources */ = {isa = PBXBuildFile; fileRef = DEC82E1929A3A3E000D17C50 /* TestResponseData.swift */; };
		DEC82E1C29A3B24100D17C50 /* ResponseConstant.swift in Sources */ = {isa = PBXBuildFile; fileRef = DEC82E1B29A3B24100D17C50 /* ResponseConstant.swift */; };
		DEC82E1E29A648CA00D17C50 /* GoogleService-Info.plist in Resources */ = {isa = PBXBuildFile; fileRef = DEC82E1D29A648CA00D17C50 /* GoogleService-Info.plist */; };
		DEC82E2329AA780800D17C50 /* FirebaseStorage in Frameworks */ = {isa = PBXBuildFile; productRef = DEC82E2229AA780800D17C50 /* FirebaseStorage */; };
		DEC82E2529AA78E900D17C50 /* CheckBox.swift in Sources */ = {isa = PBXBuildFile; fileRef = DEC82E2429AA78E900D17C50 /* CheckBox.swift */; };
		DEC82E2729AA8A4300D17C50 /* ImagePicker.swift in Sources */ = {isa = PBXBuildFile; fileRef = DEC82E2629AA8A4300D17C50 /* ImagePicker.swift */; };
		DEC82E2929AA8B6D00D17C50 /* CircleImageView.swift in Sources */ = {isa = PBXBuildFile; fileRef = DEC82E2829AA8B6D00D17C50 /* CircleImageView.swift */; };
		DEC82E2B29AB34AF00D17C50 /* FirebaseStorageManager.swift in Sources */ = {isa = PBXBuildFile; fileRef = DEC82E2A29AB34AF00D17C50 /* FirebaseStorageManager.swift */; };
		DEE7BC162989180900FE7FEC /* SignViewModel.swift in Sources */ = {isa = PBXBuildFile; fileRef = DEE7BC152989180900FE7FEC /* SignViewModel.swift */; };
/* End PBXBuildFile section */

/* Begin PBXContainerItemProxy section */
		DE9BD36A295853B900F28F1A /* PBXContainerItemProxy */ = {
			isa = PBXContainerItemProxy;
			containerPortal = DE9BD351295853B300F28F1A /* Project object */;
			proxyType = 1;
			remoteGlobalIDString = DE9BD358295853B300F28F1A;
			remoteInfo = NineInTeam;
		};
		DE9BD374295853B900F28F1A /* PBXContainerItemProxy */ = {
			isa = PBXContainerItemProxy;
			containerPortal = DE9BD351295853B300F28F1A /* Project object */;
			proxyType = 1;
			remoteGlobalIDString = DE9BD358295853B300F28F1A;
			remoteInfo = NineInTeam;
		};
/* End PBXContainerItemProxy section */

/* Begin PBXFileReference section */
		3905CFD42A9B2E1C00CF4AB4 /* KakaoSignInButton.swift */ = {isa = PBXFileReference; lastKnownFileType = sourcecode.swift; path = KakaoSignInButton.swift; sourceTree = "<group>"; };
		390F8F022A3F1E29007B66CD /* KeychainManager.swift */ = {isa = PBXFileReference; lastKnownFileType = sourcecode.swift; path = KeychainManager.swift; sourceTree = "<group>"; };
		390F8F042A3F30EE007B66CD /* SignInProviderType.swift */ = {isa = PBXFileReference; lastKnownFileType = sourcecode.swift; path = SignInProviderType.swift; sourceTree = "<group>"; };
		391D52FF2A76704B00EE1F8A /* TeamResponse.swift */ = {isa = PBXFileReference; lastKnownFileType = sourcecode.swift; path = TeamResponse.swift; sourceTree = "<group>"; };
		391D53032A76706500EE1F8A /* SubjectType.swift */ = {isa = PBXFileReference; lastKnownFileType = sourcecode.swift; path = SubjectType.swift; sourceTree = "<group>"; };
		391D53052A76707000EE1F8A /* HashTag.swift */ = {isa = PBXFileReference; lastKnownFileType = sourcecode.swift; path = HashTag.swift; sourceTree = "<group>"; };
		391D53072A769F2000EE1F8A /* SubmitButton.swift */ = {isa = PBXFileReference; lastKnownFileType = sourcecode.swift; path = SubmitButton.swift; sourceTree = "<group>"; };
		391D53092A76B14D00EE1F8A /* SubmissionFormView.swift */ = {isa = PBXFileReference; lastKnownFileType = sourcecode.swift; path = SubmissionFormView.swift; sourceTree = "<group>"; };
		391D52F72A76250F00EE1F8A /* SignInError.swift */ = {isa = PBXFileReference; lastKnownFileType = sourcecode.swift; path = SignInError.swift; sourceTree = "<group>"; };
		392B975B2A4C1CC000112529 /* KakaoLoginTests.swift */ = {isa = PBXFileReference; lastKnownFileType = sourcecode.swift; path = KakaoLoginTests.swift; sourceTree = "<group>"; };
		392B97602A4C5BF200112529 /* KeychainServiceTests.swift */ = {isa = PBXFileReference; lastKnownFileType = sourcecode.swift; path = KeychainServiceTests.swift; sourceTree = "<group>"; };
		392B97622A4C60E900112529 /* KakaoAuthError.swift */ = {isa = PBXFileReference; lastKnownFileType = sourcecode.swift; path = KakaoAuthError.swift; sourceTree = "<group>"; };
		394A95852A3FFC3E00501B32 /* PhotoPicker.swift */ = {isa = PBXFileReference; lastKnownFileType = sourcecode.swift; path = PhotoPicker.swift; sourceTree = "<group>"; };
		394A95872A4052CB00501B32 /* Error.swift */ = {isa = PBXFileReference; lastKnownFileType = sourcecode.swift; path = Error.swift; sourceTree = "<group>"; };
		394A95892A40A37400501B32 /* Encodable.swift */ = {isa = PBXFileReference; lastKnownFileType = sourcecode.swift; path = Encodable.swift; sourceTree = "<group>"; };
		394A958B2A40A6C300501B32 /* CustomEncodingError.swift */ = {isa = PBXFileReference; lastKnownFileType = sourcecode.swift; path = CustomEncodingError.swift; sourceTree = "<group>"; };
		395392792A85BC29000D17F7 /* WritePostError.swift */ = {isa = PBXFileReference; lastKnownFileType = sourcecode.swift; path = WritePostError.swift; sourceTree = "<group>"; };
		3960884D2A8F4ADF00FF2289 /* BorderedTextEditorWithTitle.swift */ = {isa = PBXFileReference; lastKnownFileType = sourcecode.swift; path = BorderedTextEditorWithTitle.swift; sourceTree = "<group>"; };
		3959A4F22A41E92300AF9622 /* ProfileUpdateResponseDetail.swift */ = {isa = PBXFileReference; lastKnownFileType = sourcecode.swift; path = ProfileUpdateResponseDetail.swift; sourceTree = "<group>"; };
		3959A4F42A41E93300AF9622 /* ProfileUpdateResponse.swift */ = {isa = PBXFileReference; lastKnownFileType = sourcecode.swift; path = ProfileUpdateResponse.swift; sourceTree = "<group>"; };
		39694FED29E6D78F00F2C75C /* PostTextEditor.swift */ = {isa = PBXFileReference; lastKnownFileType = sourcecode.swift; path = PostTextEditor.swift; sourceTree = "<group>"; };
		397662902A94C0880002BC3D /* ButtonConstants.swift */ = {isa = PBXFileReference; lastKnownFileType = sourcecode.swift; path = ButtonConstants.swift; sourceTree = "<group>"; };
		397662922A94C0A40002BC3D /* SubmitButtonFont.swift */ = {isa = PBXFileReference; lastKnownFileType = sourcecode.swift; path = SubmitButtonFont.swift; sourceTree = "<group>"; };
		398031282A16602F00AD5B05 /* TeamDetail.swift */ = {isa = PBXFileReference; lastKnownFileType = sourcecode.swift; path = TeamDetail.swift; sourceTree = "<group>"; };
		3993A9A12A4E9A21007063EB /* NineInTeam.entitlements */ = {isa = PBXFileReference; lastKnownFileType = text.plist.entitlements; path = NineInTeam.entitlements; sourceTree = "<group>"; };
		3993A9A42A4E9BC9007063EB /* KakaoAuthService.swift */ = {isa = PBXFileReference; lastKnownFileType = sourcecode.swift; path = KakaoAuthService.swift; sourceTree = "<group>"; };
		3996825F2A2612BD00CB04B8 /* FetchTeamsTests.swift */ = {isa = PBXFileReference; lastKnownFileType = sourcecode.swift; path = FetchTeamsTests.swift; sourceTree = "<group>"; };
		3999833129EED3CE0009372F /* ReceivedPostCell.swift */ = {isa = PBXFileReference; fileEncoding = 4; lastKnownFileType = sourcecode.swift; path = ReceivedPostCell.swift; sourceTree = "<group>"; };
		399E76EE29DAEDD3007AE239 /* ChatDetailView.swift */ = {isa = PBXFileReference; lastKnownFileType = sourcecode.swift; path = ChatDetailView.swift; sourceTree = "<group>"; };
		399E76F029DAF403007AE239 /* ChatBubbleView.swift */ = {isa = PBXFileReference; lastKnownFileType = sourcecode.swift; path = ChatBubbleView.swift; sourceTree = "<group>"; };
		39A1B1A22A0F5B9C00D6FA1F /* DebugModel.swift */ = {isa = PBXFileReference; lastKnownFileType = sourcecode.swift; path = DebugModel.swift; sourceTree = "<group>"; };
		39AB6BD02A8526D100B58659 /* WritePostRoleAlert.swift */ = {isa = PBXFileReference; lastKnownFileType = sourcecode.swift; path = WritePostRoleAlert.swift; sourceTree = "<group>"; };
		39AB6BD22A85274B00B58659 /* WritePostViewModel.swift */ = {isa = PBXFileReference; lastKnownFileType = sourcecode.swift; path = WritePostViewModel.swift; sourceTree = "<group>"; };
		39AB6BD42A852DFF00B58659 /* WritePostResponse.swift */ = {isa = PBXFileReference; lastKnownFileType = sourcecode.swift; path = WritePostResponse.swift; sourceTree = "<group>"; };
		39A7C38C2A3E1164005064D9 /* AuthenticationManager.swift */ = {isa = PBXFileReference; lastKnownFileType = sourcecode.swift; path = AuthenticationManager.swift; sourceTree = "<group>"; };
		39BD3EEB2A14B0DF00E14DCA /* NetworkServiceTests.swift */ = {isa = PBXFileReference; lastKnownFileType = sourcecode.swift; path = NetworkServiceTests.swift; sourceTree = "<group>"; };
		39BD81D429E402ED00F35E0B /* ReceivedPostView.swift */ = {isa = PBXFileReference; lastKnownFileType = sourcecode.swift; path = ReceivedPostView.swift; sourceTree = "<group>"; };
		39BD81D629E4034B00F35E0B /* ReceivedPostViewModel.swift */ = {isa = PBXFileReference; lastKnownFileType = sourcecode.swift; path = ReceivedPostViewModel.swift; sourceTree = "<group>"; };
		39C128AC2A657C8C00B232D6 /* AppleAuthService.swift */ = {isa = PBXFileReference; fileEncoding = 4; lastKnownFileType = sourcecode.swift; path = AppleAuthService.swift; sourceTree = "<group>"; };
		39C128AE2A657CB000B232D6 /* AppleSignInRequest.swift */ = {isa = PBXFileReference; lastKnownFileType = sourcecode.swift; path = AppleSignInRequest.swift; sourceTree = "<group>"; };
		39C128B02A657CEB00B232D6 /* AppleAuthError.swift */ = {isa = PBXFileReference; lastKnownFileType = sourcecode.swift; path = AppleAuthError.swift; sourceTree = "<group>"; };
		39D655FA29F17C4300C17C1B /* SubscribeTagView.swift */ = {isa = PBXFileReference; lastKnownFileType = sourcecode.swift; path = SubscribeTagView.swift; sourceTree = "<group>"; };
		39D655FC29F17C5400C17C1B /* SubscribeTagCell.swift */ = {isa = PBXFileReference; lastKnownFileType = sourcecode.swift; path = SubscribeTagCell.swift; sourceTree = "<group>"; };
		39D655FE29F17D1F00C17C1B /* SubscribeTagViewModel.swift */ = {isa = PBXFileReference; lastKnownFileType = sourcecode.swift; path = SubscribeTagViewModel.swift; sourceTree = "<group>"; };
		39D8DCCC2A3C5ECA007530A9 /* SignInResponse.swift */ = {isa = PBXFileReference; lastKnownFileType = sourcecode.swift; path = SignInResponse.swift; sourceTree = "<group>"; };
		39D8DCCE2A3C5EDA007530A9 /* SignInResponseDetail.swift */ = {isa = PBXFileReference; lastKnownFileType = sourcecode.swift; path = SignInResponseDetail.swift; sourceTree = "<group>"; };
		39D8DCD02A3C602A007530A9 /* UserData.swift */ = {isa = PBXFileReference; lastKnownFileType = sourcecode.swift; path = UserData.swift; sourceTree = "<group>"; };
		39DD090C2A4B371000F69828 /* KeychainServiceType.swift */ = {isa = PBXFileReference; lastKnownFileType = sourcecode.swift; path = KeychainServiceType.swift; sourceTree = "<group>"; };
		39DD090E2A4B371E00F69828 /* KeychainError.swift */ = {isa = PBXFileReference; lastKnownFileType = sourcecode.swift; path = KeychainError.swift; sourceTree = "<group>"; };
		39EB018D2A176C1A00A12674 /* Roboto-Medium.ttf */ = {isa = PBXFileReference; lastKnownFileType = file; path = "Roboto-Medium.ttf"; sourceTree = "<group>"; };
		39EB018E2A176C1A00A12674 /* Roboto-Regular.ttf */ = {isa = PBXFileReference; lastKnownFileType = file; path = "Roboto-Regular.ttf"; sourceTree = "<group>"; };
		39EB018F2A176C1A00A12674 /* Roboto-Bold.ttf */ = {isa = PBXFileReference; lastKnownFileType = file; path = "Roboto-Bold.ttf"; sourceTree = "<group>"; };
		39EB01912A176E0D00A12674 /* FontContstant.swift */ = {isa = PBXFileReference; lastKnownFileType = sourcecode.swift; path = FontContstant.swift; sourceTree = "<group>"; };
		39EB01932A177FFD00A12674 /* Font.swift */ = {isa = PBXFileReference; lastKnownFileType = sourcecode.swift; path = Font.swift; sourceTree = "<group>"; };
		39FC1C6529DC4DDB00C08070 /* ChatDetailViewModel.swift */ = {isa = PBXFileReference; lastKnownFileType = sourcecode.swift; path = ChatDetailViewModel.swift; sourceTree = "<group>"; };
		39FC1C6729DC4DF300C08070 /* ChatBubbleShape.swift */ = {isa = PBXFileReference; lastKnownFileType = sourcecode.swift; path = ChatBubbleShape.swift; sourceTree = "<group>"; };
		DE47790829F1634000C0EC3E /* Coordinator.swift */ = {isa = PBXFileReference; lastKnownFileType = sourcecode.swift; path = Coordinator.swift; sourceTree = "<group>"; };
		DE47790D29F4005700C0EC3E /* Destination.swift */ = {isa = PBXFileReference; lastKnownFileType = sourcecode.swift; path = Destination.swift; sourceTree = "<group>"; };
		DE4779562A0FBDF300C0EC3E /* Shadow.swift */ = {isa = PBXFileReference; lastKnownFileType = sourcecode.swift; path = Shadow.swift; sourceTree = "<group>"; };
		DE5E998B29D4780100D32B8E /* ProfileEditView.swift */ = {isa = PBXFileReference; lastKnownFileType = sourcecode.swift; path = ProfileEditView.swift; sourceTree = "<group>"; };
		DE5E998D29D4799000D32B8E /* ProfileEditViewModel.swift */ = {isa = PBXFileReference; lastKnownFileType = sourcecode.swift; path = ProfileEditViewModel.swift; sourceTree = "<group>"; };
		DE6FBDE52990E83400816A7D /* MainView.swift */ = {isa = PBXFileReference; lastKnownFileType = sourcecode.swift; path = MainView.swift; sourceTree = "<group>"; };
		DE6FBDE72990E89200816A7D /* View.swift */ = {isa = PBXFileReference; lastKnownFileType = sourcecode.swift; path = View.swift; sourceTree = "<group>"; };
		DE6FBDEB2990EAFC00816A7D /* NavigationBar.swift */ = {isa = PBXFileReference; lastKnownFileType = sourcecode.swift; path = NavigationBar.swift; sourceTree = "<group>"; };
		DE6FBDF02990EBDB00816A7D /* ColorConstant.swift */ = {isa = PBXFileReference; lastKnownFileType = sourcecode.swift; path = ColorConstant.swift; sourceTree = "<group>"; };
		DE6FBDF22990ED9100816A7D /* Color.swift */ = {isa = PBXFileReference; lastKnownFileType = sourcecode.swift; path = Color.swift; sourceTree = "<group>"; };
		DE7057582A43287600C87D6A /* MyWishView.swift */ = {isa = PBXFileReference; lastKnownFileType = sourcecode.swift; path = MyWishView.swift; sourceTree = "<group>"; };
		DE70575A2A43292200C87D6A /* MyWishViewModel.swift */ = {isa = PBXFileReference; lastKnownFileType = sourcecode.swift; path = MyWishViewModel.swift; sourceTree = "<group>"; };
		DE7B0B7729D8860D00CB90FE /* ChatListView.swift */ = {isa = PBXFileReference; lastKnownFileType = sourcecode.swift; path = ChatListView.swift; sourceTree = "<group>"; };
		DE7B0B7929D8861A00CB90FE /* ChatListViewModel.swift */ = {isa = PBXFileReference; lastKnownFileType = sourcecode.swift; path = ChatListViewModel.swift; sourceTree = "<group>"; };
		DE7B0B7C29D88A9100CB90FE /* ChatCellView.swift */ = {isa = PBXFileReference; lastKnownFileType = sourcecode.swift; path = ChatCellView.swift; sourceTree = "<group>"; };
		DE7B0B7E29DB0C5E00CB90FE /* LocationViewWrapper.swift */ = {isa = PBXFileReference; lastKnownFileType = sourcecode.swift; path = LocationViewWrapper.swift; sourceTree = "<group>"; };
		DE7B0B8029DEE97F00CB90FE /* UIScreen.swift */ = {isa = PBXFileReference; lastKnownFileType = sourcecode.swift; path = UIScreen.swift; sourceTree = "<group>"; };
		DE9BD359295853B300F28F1A /* NineInTeam.app */ = {isa = PBXFileReference; explicitFileType = wrapper.application; includeInIndex = 0; path = NineInTeam.app; sourceTree = BUILT_PRODUCTS_DIR; };
		DE9BD35C295853B300F28F1A /* NineInTeam.swift */ = {isa = PBXFileReference; lastKnownFileType = sourcecode.swift; path = NineInTeam.swift; sourceTree = "<group>"; };
		DE9BD360295853B800F28F1A /* Assets.xcassets */ = {isa = PBXFileReference; lastKnownFileType = folder.assetcatalog; path = Assets.xcassets; sourceTree = "<group>"; };
		DE9BD363295853B800F28F1A /* Preview Assets.xcassets */ = {isa = PBXFileReference; lastKnownFileType = folder.assetcatalog; path = "Preview Assets.xcassets"; sourceTree = "<group>"; };
		DE9BD369295853B900F28F1A /* NineInTeamTests.xctest */ = {isa = PBXFileReference; explicitFileType = wrapper.cfbundle; includeInIndex = 0; path = NineInTeamTests.xctest; sourceTree = BUILT_PRODUCTS_DIR; };
		DE9BD36D295853B900F28F1A /* NineInTeamTests.swift */ = {isa = PBXFileReference; lastKnownFileType = sourcecode.swift; path = NineInTeamTests.swift; sourceTree = "<group>"; };
		DE9BD373295853B900F28F1A /* NineInTeamUITests.xctest */ = {isa = PBXFileReference; explicitFileType = wrapper.cfbundle; includeInIndex = 0; path = NineInTeamUITests.xctest; sourceTree = BUILT_PRODUCTS_DIR; };
		DE9BD377295853B900F28F1A /* NineInTeamUITests.swift */ = {isa = PBXFileReference; lastKnownFileType = sourcecode.swift; path = NineInTeamUITests.swift; sourceTree = "<group>"; };
		DE9BD379295853B900F28F1A /* NineInTeamUITestsLaunchTests.swift */ = {isa = PBXFileReference; lastKnownFileType = sourcecode.swift; path = NineInTeamUITestsLaunchTests.swift; sourceTree = "<group>"; };
		DE9BD3902958610C00F28F1A /* .swiftlint.yml */ = {isa = PBXFileReference; lastKnownFileType = text.yaml; path = .swiftlint.yml; sourceTree = "<group>"; };
		DEA2B66829702FD000B77335 /* SignInView.swift */ = {isa = PBXFileReference; lastKnownFileType = sourcecode.swift; path = SignInView.swift; sourceTree = "<group>"; };
		DEA2B66B2970301A00B77335 /* BaseView.swift */ = {isa = PBXFileReference; lastKnownFileType = sourcecode.swift; path = BaseView.swift; sourceTree = "<group>"; };
		DEA2B66E2970305800B77335 /* LoadingView.swift */ = {isa = PBXFileReference; lastKnownFileType = sourcecode.swift; path = LoadingView.swift; sourceTree = "<group>"; };
		DEA2B6702970305E00B77335 /* ToastView.swift */ = {isa = PBXFileReference; lastKnownFileType = sourcecode.swift; path = ToastView.swift; sourceTree = "<group>"; };
		DEB0D35E29B0D77900B5E1B9 /* TabViewNavigationBar.swift */ = {isa = PBXFileReference; lastKnownFileType = sourcecode.swift; path = TabViewNavigationBar.swift; sourceTree = "<group>"; };
		DEB0D36029B0E7EC00B5E1B9 /* RoundedCorner.swift */ = {isa = PBXFileReference; lastKnownFileType = sourcecode.swift; path = RoundedCorner.swift; sourceTree = "<group>"; };
		DEB0D36229B76CCD00B5E1B9 /* HomeView.swift */ = {isa = PBXFileReference; lastKnownFileType = sourcecode.swift; path = HomeView.swift; sourceTree = "<group>"; };
		DEB0D36429B76D3000B5E1B9 /* HomeViewModel.swift */ = {isa = PBXFileReference; lastKnownFileType = sourcecode.swift; path = HomeViewModel.swift; sourceTree = "<group>"; };
		DEB0D36629B76EC100B5E1B9 /* Team.swift */ = {isa = PBXFileReference; lastKnownFileType = sourcecode.swift; path = Team.swift; sourceTree = "<group>"; };
		DEB0D36829B7714D00B5E1B9 /* TeamCellView.swift */ = {isa = PBXFileReference; lastKnownFileType = sourcecode.swift; path = TeamCellView.swift; sourceTree = "<group>"; };
		DEB0D36C29BB6B8D00B5E1B9 /* TeamDetailView.swift */ = {isa = PBXFileReference; lastKnownFileType = sourcecode.swift; path = TeamDetailView.swift; sourceTree = "<group>"; };
		DEB0D36E29BF4FE900B5E1B9 /* BottomNavigationItem.swift */ = {isa = PBXFileReference; lastKnownFileType = sourcecode.swift; path = BottomNavigationItem.swift; sourceTree = "<group>"; };
		DEB0D37029C09EB300B5E1B9 /* MySubscribeView.swift */ = {isa = PBXFileReference; lastKnownFileType = sourcecode.swift; path = MySubscribeView.swift; sourceTree = "<group>"; };
		DEB0D37229C0ADD700B5E1B9 /* MySubscribeViewModel.swift */ = {isa = PBXFileReference; lastKnownFileType = sourcecode.swift; path = MySubscribeViewModel.swift; sourceTree = "<group>"; };
		DEB0D37429C0AE3C00B5E1B9 /* MyPostView.swift */ = {isa = PBXFileReference; lastKnownFileType = sourcecode.swift; path = MyPostView.swift; sourceTree = "<group>"; };
		DEB0D37629C0AE4900B5E1B9 /* MyPostViewModel.swift */ = {isa = PBXFileReference; lastKnownFileType = sourcecode.swift; path = MyPostViewModel.swift; sourceTree = "<group>"; };
		DEB0D37829C0AEC500B5E1B9 /* MyResumeView.swift */ = {isa = PBXFileReference; lastKnownFileType = sourcecode.swift; path = MyResumeView.swift; sourceTree = "<group>"; };
		DEB0D37A29C0AECD00B5E1B9 /* MyResumeViewModel.swift */ = {isa = PBXFileReference; lastKnownFileType = sourcecode.swift; path = MyResumeViewModel.swift; sourceTree = "<group>"; };
		DEB0D37C29C1FFF800B5E1B9 /* TextWithFont.swift */ = {isa = PBXFileReference; lastKnownFileType = sourcecode.swift; path = TextWithFont.swift; sourceTree = "<group>"; };
		DEB0D37F29C3475200B5E1B9 /* Subscribe.swift */ = {isa = PBXFileReference; lastKnownFileType = sourcecode.swift; path = Subscribe.swift; sourceTree = "<group>"; };
		DEB0D38229C349BD00B5E1B9 /* Post.swift */ = {isa = PBXFileReference; lastKnownFileType = sourcecode.swift; path = Post.swift; sourceTree = "<group>"; };
		DEB0D38429C34A1900B5E1B9 /* PostCellView.swift */ = {isa = PBXFileReference; lastKnownFileType = sourcecode.swift; path = PostCellView.swift; sourceTree = "<group>"; };
		DEB0D38629C62D4700B5E1B9 /* Resume.swift */ = {isa = PBXFileReference; lastKnownFileType = sourcecode.swift; path = Resume.swift; sourceTree = "<group>"; };
		DEB0D38929C62D5B00B5E1B9 /* ResumeCellView.swift */ = {isa = PBXFileReference; lastKnownFileType = sourcecode.swift; path = ResumeCellView.swift; sourceTree = "<group>"; };
		DEB0D38B29C6C44000B5E1B9 /* SubscribeCellView.swift */ = {isa = PBXFileReference; lastKnownFileType = sourcecode.swift; path = SubscribeCellView.swift; sourceTree = "<group>"; };
		DEB0D38E29C8866300B5E1B9 /* PostDetailView.swift */ = {isa = PBXFileReference; lastKnownFileType = sourcecode.swift; path = PostDetailView.swift; sourceTree = "<group>"; };
		DEB0D39129C889E900B5E1B9 /* WritePostView.swift */ = {isa = PBXFileReference; lastKnownFileType = sourcecode.swift; path = WritePostView.swift; sourceTree = "<group>"; };
		DEB34E78297039FF00C0B973 /* BaseViewModel.swift */ = {isa = PBXFileReference; lastKnownFileType = sourcecode.swift; path = BaseViewModel.swift; sourceTree = "<group>"; };
		DEB34E7B29703B2E00C0B973 /* NetworkProtocol.swift */ = {isa = PBXFileReference; lastKnownFileType = sourcecode.swift; path = NetworkProtocol.swift; sourceTree = "<group>"; };
		DEB34E7D29703B3900C0B973 /* NetworkService.swift */ = {isa = PBXFileReference; lastKnownFileType = sourcecode.swift; path = NetworkService.swift; sourceTree = "<group>"; };
		DEB34E8D297168A500C0B973 /* NetworkError.swift */ = {isa = PBXFileReference; lastKnownFileType = sourcecode.swift; path = NetworkError.swift; sourceTree = "<group>"; };
		DEB34E8F297168CF00C0B973 /* LifeCycleError.swift */ = {isa = PBXFileReference; lastKnownFileType = sourcecode.swift; path = LifeCycleError.swift; sourceTree = "<group>"; };
		DEB34E91297168EB00C0B973 /* HeaderType.swift */ = {isa = PBXFileReference; lastKnownFileType = sourcecode.swift; path = HeaderType.swift; sourceTree = "<group>"; };
		DEB34E9729716F2200C0B973 /* UIImage.swift */ = {isa = PBXFileReference; lastKnownFileType = sourcecode.swift; path = UIImage.swift; sourceTree = "<group>"; };
		DEB34E992971704A00C0B973 /* Data.swift */ = {isa = PBXFileReference; lastKnownFileType = sourcecode.swift; path = Data.swift; sourceTree = "<group>"; };
		DEB34E9D2973E7EA00C0B973 /* NineInTeam-Info.plist */ = {isa = PBXFileReference; lastKnownFileType = text.plist.xml; name = "NineInTeam-Info.plist"; path = "NineInTeam/NineInTeam-Info.plist"; sourceTree = SOURCE_ROOT; };
		DEB34EA9298FA30200C0B973 /* EndPoint.swift */ = {isa = PBXFileReference; lastKnownFileType = sourcecode.swift; path = EndPoint.swift; sourceTree = "<group>"; };
		DEB38C8929C9D90500EF915E /* CheckboxButtonGroups.swift */ = {isa = PBXFileReference; lastKnownFileType = sourcecode.swift; path = CheckboxButtonGroups.swift; sourceTree = "<group>"; };
		DEB38C8D29C9D94A00EF915E /* RadioButtonField.swift */ = {isa = PBXFileReference; lastKnownFileType = sourcecode.swift; path = RadioButtonField.swift; sourceTree = "<group>"; };
		DEB38C8F29CB23C800EF915E /* AppState.swift */ = {isa = PBXFileReference; lastKnownFileType = sourcecode.swift; path = AppState.swift; sourceTree = "<group>"; };
		DEB38C9129CB294D00EF915E /* DefaultAlert.swift */ = {isa = PBXFileReference; lastKnownFileType = sourcecode.swift; path = DefaultAlert.swift; sourceTree = "<group>"; };
		DEB38C9329CC964900EF915E /* RecruitmentRole.swift */ = {isa = PBXFileReference; lastKnownFileType = sourcecode.swift; path = RecruitmentRole.swift; sourceTree = "<group>"; };
		DEB38C9529CDE1FC00EF915E /* SubmissionFormType.swift */ = {isa = PBXFileReference; lastKnownFileType = sourcecode.swift; path = SubmissionFormType.swift; sourceTree = "<group>"; };
		DEB38C9729CDE2AA00EF915E /* SubmissionForm.swift */ = {isa = PBXFileReference; lastKnownFileType = sourcecode.swift; path = SubmissionForm.swift; sourceTree = "<group>"; };
		DEB38C9A29CEF77100EF915E /* BaseAlert.swift */ = {isa = PBXFileReference; lastKnownFileType = sourcecode.swift; path = BaseAlert.swift; sourceTree = "<group>"; };
		DEBCCF1F2A4C5EF200CEA032 /* Chat.swift */ = {isa = PBXFileReference; lastKnownFileType = sourcecode.swift; path = Chat.swift; sourceTree = "<group>"; };
		DEBCCF212A50873F00CEA032 /* ChatRoom.swift */ = {isa = PBXFileReference; lastKnownFileType = sourcecode.swift; path = ChatRoom.swift; sourceTree = "<group>"; };
		DEC0F0FE29ACE4480035851E /* Line.swift */ = {isa = PBXFileReference; lastKnownFileType = sourcecode.swift; path = Line.swift; sourceTree = "<group>"; };
		DEC0F10029AE1FC70035851E /* ApplicationSwitcher.swift */ = {isa = PBXFileReference; lastKnownFileType = sourcecode.swift; path = ApplicationSwitcher.swift; sourceTree = "<group>"; };
		DEC6A82C2991D8D300AD0873 /* GodoB.otf */ = {isa = PBXFileReference; lastKnownFileType = file; path = GodoB.otf; sourceTree = "<group>"; };
		DEC82E0C299667CE00D17C50 /* UrlType.swift */ = {isa = PBXFileReference; lastKnownFileType = sourcecode.swift; path = UrlType.swift; sourceTree = "<group>"; };
		DEC82E0E29966D1400D17C50 /* BaseResponseModel.swift */ = {isa = PBXFileReference; lastKnownFileType = sourcecode.swift; path = BaseResponseModel.swift; sourceTree = "<group>"; };
		DEC82E10299A5B3E00D17C50 /* EmbedCircleImageView.swift */ = {isa = PBXFileReference; lastKnownFileType = sourcecode.swift; path = EmbedCircleImageView.swift; sourceTree = "<group>"; };
		DEC82E1529A39FAF00D17C50 /* TestNetworkService.swift */ = {isa = PBXFileReference; lastKnownFileType = sourcecode.swift; path = TestNetworkService.swift; sourceTree = "<group>"; };
		DEC82E1929A3A3E000D17C50 /* TestResponseData.swift */ = {isa = PBXFileReference; lastKnownFileType = sourcecode.swift; path = TestResponseData.swift; sourceTree = "<group>"; };
		DEC82E1B29A3B24100D17C50 /* ResponseConstant.swift */ = {isa = PBXFileReference; lastKnownFileType = sourcecode.swift; path = ResponseConstant.swift; sourceTree = "<group>"; };
		DEC82E1D29A648CA00D17C50 /* GoogleService-Info.plist */ = {isa = PBXFileReference; fileEncoding = 4; lastKnownFileType = text.plist.xml; path = "GoogleService-Info.plist"; sourceTree = "<group>"; };
		DEC82E2429AA78E900D17C50 /* CheckBox.swift */ = {isa = PBXFileReference; lastKnownFileType = sourcecode.swift; path = CheckBox.swift; sourceTree = "<group>"; };
		DEC82E2629AA8A4300D17C50 /* ImagePicker.swift */ = {isa = PBXFileReference; lastKnownFileType = sourcecode.swift; path = ImagePicker.swift; sourceTree = "<group>"; };
		DEC82E2829AA8B6D00D17C50 /* CircleImageView.swift */ = {isa = PBXFileReference; lastKnownFileType = sourcecode.swift; path = CircleImageView.swift; sourceTree = "<group>"; };
		DEC82E2A29AB34AF00D17C50 /* FirebaseStorageManager.swift */ = {isa = PBXFileReference; lastKnownFileType = sourcecode.swift; path = FirebaseStorageManager.swift; sourceTree = "<group>"; };
		DEE7BC152989180900FE7FEC /* SignViewModel.swift */ = {isa = PBXFileReference; lastKnownFileType = sourcecode.swift; path = SignViewModel.swift; sourceTree = "<group>"; };
/* End PBXFileReference section */

/* Begin PBXFrameworksBuildPhase section */
		DE9BD356295853B300F28F1A /* Frameworks */ = {
			isa = PBXFrameworksBuildPhase;
			buildActionMask = 2147483647;
			files = (
				DE4E91652989128E00EC009F /* KakaoSDK in Frameworks */,
				DEC82E2329AA780800D17C50 /* FirebaseStorage in Frameworks */,
			);
			runOnlyForDeploymentPostprocessing = 0;
		};
		DE9BD366295853B900F28F1A /* Frameworks */ = {
			isa = PBXFrameworksBuildPhase;
			buildActionMask = 2147483647;
			files = (
				39BD3EEE2A14B51200E14DCA /* FirebaseStorage in Frameworks */,
			);
			runOnlyForDeploymentPostprocessing = 0;
		};
		DE9BD370295853B900F28F1A /* Frameworks */ = {
			isa = PBXFrameworksBuildPhase;
			buildActionMask = 2147483647;
			files = (
			);
			runOnlyForDeploymentPostprocessing = 0;
		};
/* End PBXFrameworksBuildPhase section */

/* Begin PBXGroup section */
		390F8F062A3F3875007B66CD /* Security */ = {
			isa = PBXGroup;
			children = (
				390F8F022A3F1E29007B66CD /* KeychainManager.swift */,
				39DD090C2A4B371000F69828 /* KeychainServiceType.swift */,
				39DD090E2A4B371E00F69828 /* KeychainError.swift */,
			);
			path = Security;
			sourceTree = "<group>";
		};
		391D52F62A76240400EE1F8A /* ProfileUpdate */ = {
			isa = PBXGroup;
			children = (
				3959A4F42A41E93300AF9622 /* ProfileUpdateResponse.swift */,
				3959A4F22A41E92300AF9622 /* ProfileUpdateResponseDetail.swift */,
			);
			path = ProfileUpdate;
			sourceTree = "<group>";
		};
		391D52F92A76258C00EE1F8A /* Response */ = {
			isa = PBXGroup;
			children = (
				39D8DCCC2A3C5ECA007530A9 /* SignInResponse.swift */,
				39D8DCCE2A3C5EDA007530A9 /* SignInResponseDetail.swift */,
			);
			path = Response;
			sourceTree = "<group>";
		};
		3959A4F62A41E9D100AF9622 /* UserModel */ = {
			isa = PBXGroup;
			children = (
				39D8DCD02A3C602A007530A9 /* UserData.swift */,
			);
			path = UserModel;
			sourceTree = "<group>";
		};
		396D2AAC2A5511D00042D4D4 /* Apple */ = {
			isa = PBXGroup;
			children = (
				39C128AC2A657C8C00B232D6 /* AppleAuthService.swift */,
				39C128B02A657CEB00B232D6 /* AppleAuthError.swift */,
				39C128AE2A657CB000B232D6 /* AppleSignInRequest.swift */,
			);
			path = Apple;
			sourceTree = "<group>";
		};
		3993A9A62A4E9BD8007063EB /* Kakao */ = {
			isa = PBXGroup;
			children = (
				3993A9A42A4E9BC9007063EB /* KakaoAuthService.swift */,
				392B97622A4C60E900112529 /* KakaoAuthError.swift */,
				3905CFD42A9B2E1C00CF4AB4 /* KakaoSignInButton.swift */,
			);
			path = Kakao;
			sourceTree = "<group>";
		};
		3999833029EED2070009372F /* NineInTeam */ = {
			isa = PBXGroup;
			children = (
				DE9BD3902958610C00F28F1A /* .swiftlint.yml */,
				3993A9A12A4E9A21007063EB /* NineInTeam.entitlements */,
				DEC82E1D29A648CA00D17C50 /* GoogleService-Info.plist */,
				DEB34E9D2973E7EA00C0B973 /* NineInTeam-Info.plist */,
				DEB34E9629716F1800C0B973 /* Extension */,
				DEA2B6722970309300B77335 /* Util */,
				DE9BD35C295853B300F28F1A /* NineInTeam.swift */,
				DEC0F10029AE1FC70035851E /* ApplicationSwitcher.swift */,
				DEA2B66629702F4A00B77335 /* Presentation */,
				DEB34E7A29703B1C00C0B973 /* Repository */,
				DE9BD360295853B800F28F1A /* Assets.xcassets */,
				DEA2B66D2970304800B77335 /* CustomView */,
				DEC82E1729A3A3A000D17C50 /* Test */,
				DE9BD362295853B800F28F1A /* Preview Content */,
			);
			path = NineInTeam;
			sourceTree = "<group>";
		};
		399E76ED29DAED9F007AE239 /* ChatDetail */ = {
			isa = PBXGroup;
			children = (
				399E76EE29DAEDD3007AE239 /* ChatDetailView.swift */,
				39FC1C6529DC4DDB00C08070 /* ChatDetailViewModel.swift */,
				399E76F029DAF403007AE239 /* ChatBubbleView.swift */,
				39FC1C6729DC4DF300C08070 /* ChatBubbleShape.swift */,
				DEBCCF1F2A4C5EF200CEA032 /* Chat.swift */,
			);
			path = ChatDetail;
			sourceTree = "<group>";
		};
		39BD81D329E402B900F35E0B /* ReceivedPost */ = {
			isa = PBXGroup;
			children = (
				39BD81D429E402ED00F35E0B /* ReceivedPostView.swift */,
				3999833129EED3CE0009372F /* ReceivedPostCell.swift */,
				39BD81D629E4034B00F35E0B /* ReceivedPostViewModel.swift */,
				39694FED29E6D78F00F2C75C /* PostTextEditor.swift */,
			);
			path = ReceivedPost;
			sourceTree = "<group>";
		};
		39D6560029F184FF00C17C1B /* Tag */ = {
			isa = PBXGroup;
			children = (
				39D655FA29F17C4300C17C1B /* SubscribeTagView.swift */,
				39D655FC29F17C5400C17C1B /* SubscribeTagCell.swift */,
				39D655FE29F17D1F00C17C1B /* SubscribeTagViewModel.swift */,
			);
			path = Tag;
			sourceTree = "<group>";
		};
		DE47790A29F169FC00C0EC3E /* Navigation */ = {
			isa = PBXGroup;
			children = (
				DE47790829F1634000C0EC3E /* Coordinator.swift */,
				DE47790F29F94C6B00C0EC3E /* Destination */,
			);
			path = Navigation;
			sourceTree = "<group>";
		};
		DE47790F29F94C6B00C0EC3E /* Destination */ = {
			isa = PBXGroup;
			children = (
				DE47790D29F4005700C0EC3E /* Destination.swift */,
			);
			path = Destination;
			sourceTree = "<group>";
		};
		DE4779552A079AE800C0EC3E /* CustomModel */ = {
			isa = PBXGroup;
			children = (
				DE4779562A0FBDF300C0EC3E /* Shadow.swift */,
			);
			path = CustomModel;
			sourceTree = "<group>";
		};
		DE5E998A29D477D900D32B8E /* ProfileEdit */ = {
			isa = PBXGroup;
			children = (
				DE5E998B29D4780100D32B8E /* ProfileEditView.swift */,
				DE5E998D29D4799000D32B8E /* ProfileEditViewModel.swift */,
				394A95852A3FFC3E00501B32 /* PhotoPicker.swift */,
			);
			path = ProfileEdit;
			sourceTree = "<group>";
		};
		DE6FBDE42990E82700816A7D /* Main */ = {
			isa = PBXGroup;
			children = (
				DE6FBDE52990E83400816A7D /* MainView.swift */,
				DEB0D36E29BF4FE900B5E1B9 /* BottomNavigationItem.swift */,
				DEB0D35A29AF7E3D00B5E1B9 /* Home */,
				DE5E998A29D477D900D32B8E /* ProfileEdit */,
				DE7B0B7629D8847100CB90FE /* ChatList */,
				DEB0D35B29AF7E4500B5E1B9 /* MySubscribe */,
				39BD81D329E402B900F35E0B /* ReceivedPost */,
				DEB0D35D29AF7E5100B5E1B9 /* MyPost */,
				DEB0D35C29AF7E4F00B5E1B9 /* MyResume */,
			);
			path = Main;
			sourceTree = "<group>";
		};
		DE6FBDED2990EBC100816A7D /* Error */ = {
			isa = PBXGroup;
			children = (
				DEB34E8F297168CF00C0B973 /* LifeCycleError.swift */,
				394A958B2A40A6C300501B32 /* CustomEncodingError.swift */,
			);
			path = Error;
			sourceTree = "<group>";
		};
		DE6FBDEE2990EBCC00816A7D /* App */ = {
			isa = PBXGroup;
			children = (
				DEB38C8F29CB23C800EF915E /* AppState.swift */,
			);
			path = App;
			sourceTree = "<group>";
		};
		DE6FBDEF2990EBD200816A7D /* Theme */ = {
			isa = PBXGroup;
			children = (
				DE6FBDF02990EBDB00816A7D /* ColorConstant.swift */,
				39EB01912A176E0D00A12674 /* FontContstant.swift */,
			);
			path = Theme;
			sourceTree = "<group>";
		};
		DE7057572A43286500C87D6A /* MyWish */ = {
			isa = PBXGroup;
			children = (
				DE7057582A43287600C87D6A /* MyWishView.swift */,
				DE70575A2A43292200C87D6A /* MyWishViewModel.swift */,
			);
			path = MyWish;
			sourceTree = "<group>";
		};
		DE7B0B7629D8847100CB90FE /* ChatList */ = {
			isa = PBXGroup;
			children = (
				DE7B0B7B29D88A7A00CB90FE /* Chat */,
				399E76ED29DAED9F007AE239 /* ChatDetail */,
				DE7B0B7729D8860D00CB90FE /* ChatListView.swift */,
				DE7B0B7929D8861A00CB90FE /* ChatListViewModel.swift */,
			);
			path = ChatList;
			sourceTree = "<group>";
		};
		DE7B0B7B29D88A7A00CB90FE /* Chat */ = {
			isa = PBXGroup;
			children = (
				DEBCCF212A50873F00CEA032 /* ChatRoom.swift */,
				DE7B0B7C29D88A9100CB90FE /* ChatCellView.swift */,
			);
			path = Chat;
			sourceTree = "<group>";
		};
		DE9BD350295853B300F28F1A = {
			isa = PBXGroup;
			children = (
				3999833029EED2070009372F /* NineInTeam */,
				DE9BD36C295853B900F28F1A /* NineInTeamTests */,
				DE9BD376295853B900F28F1A /* NineInTeamUITests */,
				DE9BD35A295853B300F28F1A /* Products */,
				DEC82E2129AA77F400D17C50 /* Frameworks */,
			);
			sourceTree = "<group>";
		};
		DE9BD35A295853B300F28F1A /* Products */ = {
			isa = PBXGroup;
			children = (
				DE9BD359295853B300F28F1A /* NineInTeam.app */,
				DE9BD369295853B900F28F1A /* NineInTeamTests.xctest */,
				DE9BD373295853B900F28F1A /* NineInTeamUITests.xctest */,
			);
			name = Products;
			sourceTree = "<group>";
		};
		DE9BD362295853B800F28F1A /* Preview Content */ = {
			isa = PBXGroup;
			children = (
				DE9BD363295853B800F28F1A /* Preview Assets.xcassets */,
			);
			path = "Preview Content";
			sourceTree = "<group>";
		};
		DE9BD36C295853B900F28F1A /* NineInTeamTests */ = {
			isa = PBXGroup;
			children = (
				DE9BD36D295853B900F28F1A /* NineInTeamTests.swift */,
				39BD3EEB2A14B0DF00E14DCA /* NetworkServiceTests.swift */,
				3996825F2A2612BD00CB04B8 /* FetchTeamsTests.swift */,
				392B975B2A4C1CC000112529 /* KakaoLoginTests.swift */,
				392B97602A4C5BF200112529 /* KeychainServiceTests.swift */,
			);
			path = NineInTeamTests;
			sourceTree = "<group>";
		};
		DE9BD376295853B900F28F1A /* NineInTeamUITests */ = {
			isa = PBXGroup;
			children = (
				DE9BD377295853B900F28F1A /* NineInTeamUITests.swift */,
				DE9BD379295853B900F28F1A /* NineInTeamUITestsLaunchTests.swift */,
			);
			path = NineInTeamUITests;
			sourceTree = "<group>";
		};
		DEA2B66629702F4A00B77335 /* Presentation */ = {
			isa = PBXGroup;
			children = (
				DEA2B66A2970301000B77335 /* Base */,
				DEA2B6752970320700B77335 /* Account */,
				DE6FBDE42990E82700816A7D /* Main */,
				DE4779552A079AE800C0EC3E /* CustomModel */,
			);
			path = Presentation;
			sourceTree = "<group>";
		};
		DEA2B66729702FC100B77335 /* SignIn */ = {
			isa = PBXGroup;
			children = (
				DEA2B66829702FD000B77335 /* SignInView.swift */,
				DEE7BC152989180900FE7FEC /* SignViewModel.swift */,
				390F8F042A3F30EE007B66CD /* SignInProviderType.swift */,
				391D52F72A76250F00EE1F8A /* SignInError.swift */,
				3993A9A62A4E9BD8007063EB /* Kakao */,
				396D2AAC2A5511D00042D4D4 /* Apple */,
				391D52F92A76258C00EE1F8A /* Response */,
			);
			path = SignIn;
			sourceTree = "<group>";
		};
		DEA2B66A2970301000B77335 /* Base */ = {
			isa = PBXGroup;
			children = (
				DEA2B66B2970301A00B77335 /* BaseView.swift */,
				DEB34E78297039FF00C0B973 /* BaseViewModel.swift */,
				DEC82E0E29966D1400D17C50 /* BaseResponseModel.swift */,
			);
			path = Base;
			sourceTree = "<group>";
		};
		DEA2B66D2970304800B77335 /* CustomView */ = {
			isa = PBXGroup;
			children = (
				397662942A94C0F30002BC3D /* SubmitButton */,
				DE6FBDEB2990EAFC00816A7D /* NavigationBar.swift */,
				DEB0D35E29B0D77900B5E1B9 /* TabViewNavigationBar.swift */,
				DEA2B66E2970305800B77335 /* LoadingView.swift */,
				DEA2B6702970305E00B77335 /* ToastView.swift */,
				DEC82E10299A5B3E00D17C50 /* EmbedCircleImageView.swift */,
				DEC82E2429AA78E900D17C50 /* CheckBox.swift */,
				DEC82E2629AA8A4300D17C50 /* ImagePicker.swift */,
				DEC82E2829AA8B6D00D17C50 /* CircleImageView.swift */,
				DEC0F0FE29ACE4480035851E /* Line.swift */,
				DEB0D36029B0E7EC00B5E1B9 /* RoundedCorner.swift */,
				DEB0D37C29C1FFF800B5E1B9 /* TextWithFont.swift */,
				3960884D2A8F4ADF00FF2289 /* BorderedTextEditorWithTitle.swift */,
				DE7B0B7E29DB0C5E00CB90FE /* LocationViewWrapper.swift */,
				DEB38C8B29C9D90A00EF915E /* RadioButton */,
				DEB38C9929CEF72C00EF915E /* Alert */,
			);
			path = CustomView;
			sourceTree = "<group>";
		};
		DEA2B6722970309300B77335 /* Util */ = {
			isa = PBXGroup;
			children = (
				390F8F062A3F3875007B66CD /* Security */,
				DE47790A29F169FC00C0EC3E /* Navigation */,
				DE6FBDEF2990EBD200816A7D /* Theme */,
				DE6FBDEE2990EBCC00816A7D /* App */,
				DE6FBDED2990EBC100816A7D /* Error */,
				DEC6A82A2991D89900AD0873 /* System */,
			);
			path = Util;
			sourceTree = "<group>";
		};
		DEA2B6752970320700B77335 /* Account */ = {
			isa = PBXGroup;
			children = (
				39A7C38C2A3E1164005064D9 /* AuthenticationManager.swift */,
				DEA2B66729702FC100B77335 /* SignIn */,
				3959A4F62A41E9D100AF9622 /* UserModel */,
				391D52F62A76240400EE1F8A /* ProfileUpdate */,
			);
			path = Account;
			sourceTree = "<group>";
		};
		DEB0D35A29AF7E3D00B5E1B9 /* Home */ = {
			isa = PBXGroup;
			children = (
				DEB0D36A29B7715200B5E1B9 /* Team */,
				DEB0D36229B76CCD00B5E1B9 /* HomeView.swift */,
				DEB0D36429B76D3000B5E1B9 /* HomeViewModel.swift */,
				DEB0D36B29BB6B7C00B5E1B9 /* TeamDetail */,
				DEB0D39029C889A300B5E1B9 /* WritePost */,
			);
			path = Home;
			sourceTree = "<group>";
		};
		DEB0D35B29AF7E4500B5E1B9 /* MySubscribe */ = {
			isa = PBXGroup;
			children = (
				DEB0D37E29C3474800B5E1B9 /* Subscribe */,
				39D6560029F184FF00C17C1B /* Tag */,
				DE7057572A43286500C87D6A /* MyWish */,
				DEB0D37029C09EB300B5E1B9 /* MySubscribeView.swift */,
				DEB0D37229C0ADD700B5E1B9 /* MySubscribeViewModel.swift */,
			);
			path = MySubscribe;
			sourceTree = "<group>";
		};
		DEB0D35C29AF7E4F00B5E1B9 /* MyResume */ = {
			isa = PBXGroup;
			children = (
				DEB0D38829C62D4C00B5E1B9 /* Resume */,
				DEB0D37829C0AEC500B5E1B9 /* MyResumeView.swift */,
				DEB0D37A29C0AECD00B5E1B9 /* MyResumeViewModel.swift */,
			);
			path = MyResume;
			sourceTree = "<group>";
		};
		DEB0D35D29AF7E5100B5E1B9 /* MyPost */ = {
			isa = PBXGroup;
			children = (
				DEB0D38129C349B200B5E1B9 /* Post */,
				DEB0D37429C0AE3C00B5E1B9 /* MyPostView.swift */,
				DEB0D37629C0AE4900B5E1B9 /* MyPostViewModel.swift */,
				DEB0D38D29C8864C00B5E1B9 /* PostDetail */,
			);
			path = MyPost;
			sourceTree = "<group>";
		};
		DEB0D36A29B7715200B5E1B9 /* Team */ = {
			isa = PBXGroup;
			children = (
				391D52FC2A76703100EE1F8A /* Model */,
				DEB0D36829B7714D00B5E1B9 /* TeamCellView.swift */,
				DEB38C9729CDE2AA00EF915E /* SubmissionForm.swift */,
				DEB38C9529CDE1FC00EF915E /* SubmissionFormType.swift */,
			);
			path = Team;
			sourceTree = "<group>";
		};
		DEB0D36B29BB6B7C00B5E1B9 /* TeamDetail */ = {
			isa = PBXGroup;
			children = (
				DEB0D36C29BB6B8D00B5E1B9 /* TeamDetailView.swift */,
				398031282A16602F00AD5B05 /* TeamDetail.swift */,
			);
			path = TeamDetail;
			sourceTree = "<group>";
		};
		DEB0D37E29C3474800B5E1B9 /* Subscribe */ = {
			isa = PBXGroup;
			children = (
				DEB0D37F29C3475200B5E1B9 /* Subscribe.swift */,
				DEB0D38B29C6C44000B5E1B9 /* SubscribeCellView.swift */,
			);
			path = Subscribe;
			sourceTree = "<group>";
		};
		DEB0D38129C349B200B5E1B9 /* Post */ = {
			isa = PBXGroup;
			children = (
				DEB0D38229C349BD00B5E1B9 /* Post.swift */,
				DEB0D38429C34A1900B5E1B9 /* PostCellView.swift */,
			);
			path = Post;
			sourceTree = "<group>";
		};
		DEB0D38829C62D4C00B5E1B9 /* Resume */ = {
			isa = PBXGroup;
			children = (
				DEB0D38629C62D4700B5E1B9 /* Resume.swift */,
				DEB0D38929C62D5B00B5E1B9 /* ResumeCellView.swift */,
			);
			path = Resume;
			sourceTree = "<group>";
		};
		DEB0D38D29C8864C00B5E1B9 /* PostDetail */ = {
			isa = PBXGroup;
			children = (
				DEB0D38E29C8866300B5E1B9 /* PostDetailView.swift */,
			);
			path = PostDetail;
			sourceTree = "<group>";
		};
		DEB0D39029C889A300B5E1B9 /* WritePost */ = {
			isa = PBXGroup;
			children = (
				DEB0D39129C889E900B5E1B9 /* WritePostView.swift */,
				39AB6BD22A85274B00B58659 /* WritePostViewModel.swift */,
				39AB6BD02A8526D100B58659 /* WritePostRoleAlert.swift */,
				39AB6BD42A852DFF00B58659 /* WritePostResponse.swift */,
				395392792A85BC29000D17F7 /* WritePostError.swift */,
				391D53092A76B14D00EE1F8A /* SubmissionFormView.swift */,
			);
			path = WritePost;
			sourceTree = "<group>";
		};
		DEB34E7A29703B1C00C0B973 /* Repository */ = {
			isa = PBXGroup;
			children = (
				DEC82E2C29AB34B700D17C50 /* Firebase */,
				DEC82E1B29A3B24100D17C50 /* ResponseConstant.swift */,
				DEB34E91297168EB00C0B973 /* HeaderType.swift */,
				DEC82E0C299667CE00D17C50 /* UrlType.swift */,
				DEB34EA9298FA30200C0B973 /* EndPoint.swift */,
				DEB34E8D297168A500C0B973 /* NetworkError.swift */,
				DEB34E7B29703B2E00C0B973 /* NetworkProtocol.swift */,
				DEB34E7D29703B3900C0B973 /* NetworkService.swift */,
			);
			path = Repository;
			sourceTree = "<group>";
		};
		DEB34E9629716F1800C0B973 /* Extension */ = {
			isa = PBXGroup;
			children = (
				DE6FBDE72990E89200816A7D /* View.swift */,
				DE6FBDF22990ED9100816A7D /* Color.swift */,
				DEB34E9729716F2200C0B973 /* UIImage.swift */,
				DEB34E992971704A00C0B973 /* Data.swift */,
				DE7B0B8029DEE97F00CB90FE /* UIScreen.swift */,
				39EB01932A177FFD00A12674 /* Font.swift */,
				394A95872A4052CB00501B32 /* Error.swift */,
				394A95892A40A37400501B32 /* Encodable.swift */,
			);
			path = Extension;
			sourceTree = "<group>";
		};
		DEB38C8B29C9D90A00EF915E /* RadioButton */ = {
			isa = PBXGroup;
			children = (
				DEB38C8929C9D90500EF915E /* CheckboxButtonGroups.swift */,
				DEB38C8D29C9D94A00EF915E /* RadioButtonField.swift */,
			);
			path = RadioButton;
			sourceTree = "<group>";
		};
		DEB38C9929CEF72C00EF915E /* Alert */ = {
			isa = PBXGroup;
			children = (
				DEB38C9A29CEF77100EF915E /* BaseAlert.swift */,
				DEB38C9129CB294D00EF915E /* DefaultAlert.swift */,
			);
			path = Alert;
			sourceTree = "<group>";
		};
		DEC6A82A2991D89900AD0873 /* System */ = {
			isa = PBXGroup;
			children = (
				DEC6A82E2991D8DD00AD0873 /* Font */,
			);
			path = System;
			sourceTree = "<group>";
		};
		DEC6A82E2991D8DD00AD0873 /* Font */ = {
			isa = PBXGroup;
			children = (
				39EB018F2A176C1A00A12674 /* Roboto-Bold.ttf */,
				39EB018D2A176C1A00A12674 /* Roboto-Medium.ttf */,
				39EB018E2A176C1A00A12674 /* Roboto-Regular.ttf */,
				DEC6A82C2991D8D300AD0873 /* GodoB.otf */,
			);
			path = Font;
			sourceTree = "<group>";
		};
		DEC82E1729A3A3A000D17C50 /* Test */ = {
			isa = PBXGroup;
			children = (
				DEC82E1529A39FAF00D17C50 /* TestNetworkService.swift */,
				DEC82E1929A3A3E000D17C50 /* TestResponseData.swift */,
				39A1B1A22A0F5B9C00D6FA1F /* DebugModel.swift */,
			);
			path = Test;
			sourceTree = "<group>";
		};
		DEC82E2129AA77F400D17C50 /* Frameworks */ = {
			isa = PBXGroup;
			children = (
			);
			name = Frameworks;
			sourceTree = "<group>";
		};
		DEC82E2C29AB34B700D17C50 /* Firebase */ = {
			isa = PBXGroup;
			children = (
				DEC82E2A29AB34AF00D17C50 /* FirebaseStorageManager.swift */,
			);
			path = Firebase;
			sourceTree = "<group>";
		};
/* End PBXGroup section */

/* Begin PBXNativeTarget section */
		DE9BD358295853B300F28F1A /* NineInTeam */ = {
			isa = PBXNativeTarget;
			buildConfigurationList = DE9BD37D295853B900F28F1A /* Build configuration list for PBXNativeTarget "NineInTeam" */;
			buildPhases = (
				DE9BD38D29585F0D00F28F1A /* SwiftLint Script */,
				DE9BD355295853B300F28F1A /* Sources */,
				DE9BD356295853B300F28F1A /* Frameworks */,
				DE9BD357295853B300F28F1A /* Resources */,
			);
			buildRules = (
			);
			dependencies = (
			);
			name = NineInTeam;
			packageProductDependencies = (
				DE4E91642989128E00EC009F /* KakaoSDK */,
				DEC82E2229AA780800D17C50 /* FirebaseStorage */,
			);
			productName = NineInTeam;
			productReference = DE9BD359295853B300F28F1A /* NineInTeam.app */;
			productType = "com.apple.product-type.application";
		};
		DE9BD368295853B900F28F1A /* NineInTeamTests */ = {
			isa = PBXNativeTarget;
			buildConfigurationList = DE9BD380295853B900F28F1A /* Build configuration list for PBXNativeTarget "NineInTeamTests" */;
			buildPhases = (
				DE9BD365295853B900F28F1A /* Sources */,
				DE9BD366295853B900F28F1A /* Frameworks */,
				DE9BD367295853B900F28F1A /* Resources */,
			);
			buildRules = (
			);
			dependencies = (
				DE9BD36B295853B900F28F1A /* PBXTargetDependency */,
			);
			name = NineInTeamTests;
			packageProductDependencies = (
				39BD3EED2A14B51200E14DCA /* FirebaseStorage */,
			);
			productName = NineInTeamTests;
			productReference = DE9BD369295853B900F28F1A /* NineInTeamTests.xctest */;
			productType = "com.apple.product-type.bundle.unit-test";
		};
		DE9BD372295853B900F28F1A /* NineInTeamUITests */ = {
			isa = PBXNativeTarget;
			buildConfigurationList = DE9BD383295853B900F28F1A /* Build configuration list for PBXNativeTarget "NineInTeamUITests" */;
			buildPhases = (
				DE9BD36F295853B900F28F1A /* Sources */,
				DE9BD370295853B900F28F1A /* Frameworks */,
				DE9BD371295853B900F28F1A /* Resources */,
			);
			buildRules = (
			);
			dependencies = (
				DE9BD375295853B900F28F1A /* PBXTargetDependency */,
			);
			name = NineInTeamUITests;
			productName = NineInTeamUITests;
			productReference = DE9BD373295853B900F28F1A /* NineInTeamUITests.xctest */;
			productType = "com.apple.product-type.bundle.ui-testing";
		};
/* End PBXNativeTarget section */

/* Begin PBXProject section */
		DE9BD351295853B300F28F1A /* Project object */ = {
			isa = PBXProject;
			attributes = {
				BuildIndependentTargetsInParallel = 1;
				LastSwiftUpdateCheck = 1410;
				LastUpgradeCheck = 1410;
				TargetAttributes = {
					DE9BD358295853B300F28F1A = {
						CreatedOnToolsVersion = 14.1;
					};
					DE9BD368295853B900F28F1A = {
						CreatedOnToolsVersion = 14.1;
						TestTargetID = DE9BD358295853B300F28F1A;
					};
					DE9BD372295853B900F28F1A = {
						CreatedOnToolsVersion = 14.1;
						TestTargetID = DE9BD358295853B300F28F1A;
					};
				};
			};
			buildConfigurationList = DE9BD354295853B300F28F1A /* Build configuration list for PBXProject "NineInTeam" */;
			compatibilityVersion = "Xcode 14.0";
			developmentRegion = en;
			hasScannedForEncodings = 0;
			knownRegions = (
				en,
				Base,
			);
			mainGroup = DE9BD350295853B300F28F1A;
			packageReferences = (
				DE4E91632989128E00EC009F /* XCRemoteSwiftPackageReference "kakao-ios-sdk" */,
				DEC82E1F29A649B800D17C50 /* XCRemoteSwiftPackageReference "firebase-ios-sdk" */,
			);
			productRefGroup = DE9BD35A295853B300F28F1A /* Products */;
			projectDirPath = "";
			projectRoot = "";
			targets = (
				DE9BD358295853B300F28F1A /* NineInTeam */,
				DE9BD368295853B900F28F1A /* NineInTeamTests */,
				DE9BD372295853B900F28F1A /* NineInTeamUITests */,
			);
		};
/* End PBXProject section */

/* Begin PBXResourcesBuildPhase section */
		DE9BD357295853B300F28F1A /* Resources */ = {
			isa = PBXResourcesBuildPhase;
			buildActionMask = 2147483647;
			files = (
				391824D22A17A816001147BB /* Roboto-Medium.ttf in Resources */,
				391824D12A17A816001147BB /* Roboto-Bold.ttf in Resources */,
				391824D02A17A816001147BB /* Roboto-Regular.ttf in Resources */,
				DE9BD3912958610C00F28F1A /* .swiftlint.yml in Resources */,
				DE9BD364295853B800F28F1A /* Preview Assets.xcassets in Resources */,
				DEC82E1E29A648CA00D17C50 /* GoogleService-Info.plist in Resources */,
				DE9BD361295853B800F28F1A /* Assets.xcassets in Resources */,
				DEC6A82D2991D8D300AD0873 /* GodoB.otf in Resources */,
			);
			runOnlyForDeploymentPostprocessing = 0;
		};
		DE9BD367295853B900F28F1A /* Resources */ = {
			isa = PBXResourcesBuildPhase;
			buildActionMask = 2147483647;
			files = (
			);
			runOnlyForDeploymentPostprocessing = 0;
		};
		DE9BD371295853B900F28F1A /* Resources */ = {
			isa = PBXResourcesBuildPhase;
			buildActionMask = 2147483647;
			files = (
			);
			runOnlyForDeploymentPostprocessing = 0;
		};
/* End PBXResourcesBuildPhase section */

/* Begin PBXShellScriptBuildPhase section */
		DE9BD38D29585F0D00F28F1A /* SwiftLint Script */ = {
			isa = PBXShellScriptBuildPhase;
			buildActionMask = 2147483647;
			files = (
			);
			inputFileListPaths = (
			);
			inputPaths = (
			);
			name = "SwiftLint Script";
			outputFileListPaths = (
			);
			outputPaths = (
			);
			runOnlyForDeploymentPostprocessing = 0;
			shellPath = /bin/sh;
			shellScript = "if test -d \"/opt/homebrew/bin/\"; then\n  PATH=\"/opt/homebrew/bin/:${PATH}\"\nfi\n\nexport PATH\n\nif which swiftlint >/dev/null; then\n  swiftlint --config \"$SRCROOT/NineInTeam/.swiftlint.yml\"\nelse\n  echo \"warning: SwiftLint not installed, download from https://github.com/realm/SwiftLint\"\nfi\n";
		};
/* End PBXShellScriptBuildPhase section */

/* Begin PBXSourcesBuildPhase section */
		DE9BD355295853B300F28F1A /* Sources */ = {
			isa = PBXSourcesBuildPhase;
			buildActionMask = 2147483647;
			files = (
				39694FEE29E6D78F00F2C75C /* PostTextEditor.swift in Sources */,
				398031292A16602F00AD5B05 /* TeamDetail.swift in Sources */,
				DE7B0B8129DEE97F00CB90FE /* UIScreen.swift in Sources */,
				DEC82E11299A5B3E00D17C50 /* EmbedCircleImageView.swift in Sources */,
				397662932A94C0A40002BC3D /* SubmitButtonFont.swift in Sources */,
				DEB0D36D29BB6B8D00B5E1B9 /* TeamDetailView.swift in Sources */,
				DEE7BC162989180900FE7FEC /* SignViewModel.swift in Sources */,
				3993A9A52A4E9BC9007063EB /* KakaoAuthService.swift in Sources */,
				DEC82E1C29A3B24100D17C50 /* ResponseConstant.swift in Sources */,
				394A95862A3FFC3E00501B32 /* PhotoPicker.swift in Sources */,
				DEB34E7E29703B3900C0B973 /* NetworkService.swift in Sources */,
				391D53062A76707000EE1F8A /* HashTag.swift in Sources */,
				DEB0D37B29C0AECD00B5E1B9 /* MyResumeViewModel.swift in Sources */,
				DEB0D37329C0ADD700B5E1B9 /* MySubscribeViewModel.swift in Sources */,
				DE7B0B7829D8860D00CB90FE /* ChatListView.swift in Sources */,
				39D655FB29F17C4300C17C1B /* SubscribeTagView.swift in Sources */,
				391D53042A76706500EE1F8A /* SubjectType.swift in Sources */,
				39DD090D2A4B371000F69828 /* KeychainServiceType.swift in Sources */,
				39A1B1A32A0F5B9C00D6FA1F /* DebugModel.swift in Sources */,
				DE6FBDE62990E83400816A7D /* MainView.swift in Sources */,
				39EB01942A177FFD00A12674 /* Font.swift in Sources */,
				394A95882A4052CB00501B32 /* Error.swift in Sources */,
				399E76EF29DAEDD3007AE239 /* ChatDetailView.swift in Sources */,
				DEB34E9829716F2200C0B973 /* UIImage.swift in Sources */,
				390F8F052A3F30EE007B66CD /* SignInProviderType.swift in Sources */,
				39C128AF2A657CB000B232D6 /* AppleSignInRequest.swift in Sources */,
				39C128B12A657CEB00B232D6 /* AppleAuthError.swift in Sources */,
				DEB0D36129B0E7EC00B5E1B9 /* RoundedCorner.swift in Sources */,
				DEB0D38C29C6C44000B5E1B9 /* SubscribeCellView.swift in Sources */,
				DEB0D38F29C8866300B5E1B9 /* PostDetailView.swift in Sources */,
				DEC82E1A29A3A3E000D17C50 /* TestResponseData.swift in Sources */,
				391D53082A769F2000EE1F8A /* SubmitButton.swift in Sources */,
				DEA2B66929702FD000B77335 /* SignInView.swift in Sources */,
				DE6FBDF12990EBDB00816A7D /* ColorConstant.swift in Sources */,
				DEB34E7C29703B2E00C0B973 /* NetworkProtocol.swift in Sources */,
				DEB0D37529C0AE3C00B5E1B9 /* MyPostView.swift in Sources */,
				39D655FD29F17C5400C17C1B /* SubscribeTagCell.swift in Sources */,
				DEB0D37729C0AE4900B5E1B9 /* MyPostViewModel.swift in Sources */,
				39D8DCD12A3C602A007530A9 /* UserData.swift in Sources */,
				39C128AD2A657C8C00B232D6 /* AppleAuthService.swift in Sources */,
				DE6FBDE82990E89200816A7D /* View.swift in Sources */,
				390F8F032A3F1E29007B66CD /* KeychainManager.swift in Sources */,
				DEB34E9A2971704A00C0B973 /* Data.swift in Sources */,
				3999833229EED3CE0009372F /* ReceivedPostCell.swift in Sources */,
				39D8DCCF2A3C5EDA007530A9 /* SignInResponseDetail.swift in Sources */,
				DEC82E2729AA8A4300D17C50 /* ImagePicker.swift in Sources */,
				DE7B0B7D29D88A9100CB90FE /* ChatCellView.swift in Sources */,
				394A958C2A40A6C300501B32 /* CustomEncodingError.swift in Sources */,
				DE9BD35D295853B300F28F1A /* NineInTeam.swift in Sources */,
				DE7057592A43287600C87D6A /* MyWishView.swift in Sources */,
				DEB0D36729B76EC100B5E1B9 /* Team.swift in Sources */,
				DEB38C9629CDE1FC00EF915E /* SubmissionFormType.swift in Sources */,
				39FC1C6629DC4DDB00C08070 /* ChatDetailViewModel.swift in Sources */,
				DE4779572A0FBDF300C0EC3E /* Shadow.swift in Sources */,
				DEC82E0D299667CE00D17C50 /* UrlType.swift in Sources */,
				DE47790929F1634100C0EC3E /* Coordinator.swift in Sources */,
				DEB0D39229C889E900B5E1B9 /* WritePostView.swift in Sources */,
				391D530A2A76B14D00EE1F8A /* SubmissionFormView.swift in Sources */,
				DEC82E1629A39FAF00D17C50 /* TestNetworkService.swift in Sources */,
				DEB0D37929C0AEC500B5E1B9 /* MyResumeView.swift in Sources */,
				39A7C38D2A3E1164005064D9 /* AuthenticationManager.swift in Sources */,
				DEB34E8E297168A500C0B973 /* NetworkError.swift in Sources */,
				DEB38C9B29CEF77100EF915E /* BaseAlert.swift in Sources */,
				3905CFD52A9B2E1C00CF4AB4 /* KakaoSignInButton.swift in Sources */,
				3959A4F32A41E92300AF9622 /* ProfileUpdateResponseDetail.swift in Sources */,
				3959A4F32A41E92300AF9622 /* ProfileUpdateResponseDetail.swift in Sources */,
				DEBCCF202A4C5EF200CEA032 /* Chat.swift in Sources */,
				39BD81D529E402ED00F35E0B /* ReceivedPostView.swift in Sources */,
				DEB38C9429CC964900EF915E /* RecruitmentRole.swift in Sources */,
				DEB0D36F29BF4FE900B5E1B9 /* BottomNavigationItem.swift in Sources */,
				392B97632A4C60E900112529 /* KakaoAuthError.swift in Sources */,
				391D53002A76704B00EE1F8A /* TeamResponse.swift in Sources */,
				39EB01922A176E0D00A12674 /* FontContstant.swift in Sources */,
				DEB0D38329C349BD00B5E1B9 /* Post.swift in Sources */,
				39DD090F2A4B371E00F69828 /* KeychainError.swift in Sources */,
				DEB0D37129C09EB300B5E1B9 /* MySubscribeView.swift in Sources */,
				DEB0D36529B76D3000B5E1B9 /* HomeViewModel.swift in Sources */,
				39AB6BD12A8526D100B58659 /* WritePostRoleAlert.swift in Sources */,
				3959A4F52A41E93300AF9622 /* ProfileUpdateResponse.swift in Sources */,
				DEBCCF222A50873F00CEA032 /* ChatRoom.swift in Sources */,
				3959A4F52A41E93300AF9622 /* ProfileUpdateResponse.swift in Sources */,
				DEC0F0FF29ACE4480035851E /* Line.swift in Sources */,
				DEB0D38729C62D4700B5E1B9 /* Resume.swift in Sources */,
				3960884E2A8F4ADF00FF2289 /* BorderedTextEditorWithTitle.swift in Sources */,
				DEB38C8E29C9D94A00EF915E /* RadioButtonField.swift in Sources */,
				DE5E998E29D4799000D32B8E /* ProfileEditViewModel.swift in Sources */,
				DEB0D38029C3475200B5E1B9 /* Subscribe.swift in Sources */,
				DEB34EAA298FA30200C0B973 /* EndPoint.swift in Sources */,
				DEB0D37D29C1FFF800B5E1B9 /* TextWithFont.swift in Sources */,
				391D52F82A76250F00EE1F8A /* SignInError.swift in Sources */,
				39D655FF29F17D1F00C17C1B /* SubscribeTagViewModel.swift in Sources */,
				DE6FBDF32990ED9100816A7D /* Color.swift in Sources */,
				39AB6BD32A85274B00B58659 /* WritePostViewModel.swift in Sources */,
				DEB38C9229CB294D00EF915E /* DefaultAlert.swift in Sources */,
				DEA2B66F2970305800B77335 /* LoadingView.swift in Sources */,
				3953927A2A85BC29000D17F7 /* WritePostError.swift in Sources */,
				DEB0D36329B76CCD00B5E1B9 /* HomeView.swift in Sources */,
				DEC82E2929AA8B6D00D17C50 /* CircleImageView.swift in Sources */,
				DE70575B2A43292300C87D6A /* MyWishViewModel.swift in Sources */,
				DEB0D36929B7714D00B5E1B9 /* TeamCellView.swift in Sources */,
				DE5E998C29D4780100D32B8E /* ProfileEditView.swift in Sources */,
				399E76F129DAF403007AE239 /* ChatBubbleView.swift in Sources */,
				DEB0D35F29B0D77900B5E1B9 /* TabViewNavigationBar.swift in Sources */,
				DEC0F10129AE1FC70035851E /* ApplicationSwitcher.swift in Sources */,
				DEB34E79297039FF00C0B973 /* BaseViewModel.swift in Sources */,
				DE7B0B7A29D8861A00CB90FE /* ChatListViewModel.swift in Sources */,
				DEC82E0F29966D1400D17C50 /* BaseResponseModel.swift in Sources */,
				DEB38C9829CDE2AA00EF915E /* SubmissionForm.swift in Sources */,
				DE6FBDEC2990EAFC00816A7D /* NavigationBar.swift in Sources */,
				DEB34E92297168EB00C0B973 /* HeaderType.swift in Sources */,
				394A958A2A40A37400501B32 /* Encodable.swift in Sources */,
				DEB38C9029CB23C800EF915E /* AppState.swift in Sources */,
				39BD81D729E4034B00F35E0B /* ReceivedPostViewModel.swift in Sources */,
				DEB0D38A29C62D5B00B5E1B9 /* ResumeCellView.swift in Sources */,
				DEB0D38529C34A1900B5E1B9 /* PostCellView.swift in Sources */,
				DEA2B6712970305E00B77335 /* ToastView.swift in Sources */,
				DEC82E2B29AB34AF00D17C50 /* FirebaseStorageManager.swift in Sources */,
				DE7B0B7F29DB0C5E00CB90FE /* LocationViewWrapper.swift in Sources */,
				397662912A94C0880002BC3D /* ButtonConstants.swift in Sources */,
				39FC1C6829DC4DF300C08070 /* ChatBubbleShape.swift in Sources */,
				DEA2B66C2970301A00B77335 /* BaseView.swift in Sources */,
				DE47790E29F4005700C0EC3E /* Destination.swift in Sources */,
				DEC82E2529AA78E900D17C50 /* CheckBox.swift in Sources */,
				DEB34E90297168CF00C0B973 /* LifeCycleError.swift in Sources */,
				39AB6BD52A852DFF00B58659 /* WritePostResponse.swift in Sources */,
				39D8DCCD2A3C5ECA007530A9 /* SignInResponse.swift in Sources */,
				DEB38C8A29C9D90500EF915E /* RadioButtonGroups.swift in Sources */,
			);
			runOnlyForDeploymentPostprocessing = 0;
		};
		DE9BD365295853B900F28F1A /* Sources */ = {
			isa = PBXSourcesBuildPhase;
			buildActionMask = 2147483647;
			files = (
				DE9BD36E295853B900F28F1A /* NineInTeamTests.swift in Sources */,
				399682602A2612BD00CB04B8 /* FetchTeamsTests.swift in Sources */,
				392B97612A4C5BF200112529 /* KeychainServiceTests.swift in Sources */,
				39BD3EEC2A14B0DF00E14DCA /* NetworkServiceTests.swift in Sources */,
				392B975C2A4C1CC000112529 /* KakaoLoginTests.swift in Sources */,
			);
			runOnlyForDeploymentPostprocessing = 0;
		};
		DE9BD36F295853B900F28F1A /* Sources */ = {
			isa = PBXSourcesBuildPhase;
			buildActionMask = 2147483647;
			files = (
				DE9BD37A295853B900F28F1A /* NineInTeamUITestsLaunchTests.swift in Sources */,
				DE9BD378295853B900F28F1A /* NineInTeamUITests.swift in Sources */,
			);
			runOnlyForDeploymentPostprocessing = 0;
		};
/* End PBXSourcesBuildPhase section */

/* Begin PBXTargetDependency section */
		DE9BD36B295853B900F28F1A /* PBXTargetDependency */ = {
			isa = PBXTargetDependency;
			target = DE9BD358295853B300F28F1A /* NineInTeam */;
			targetProxy = DE9BD36A295853B900F28F1A /* PBXContainerItemProxy */;
		};
		DE9BD375295853B900F28F1A /* PBXTargetDependency */ = {
			isa = PBXTargetDependency;
			target = DE9BD358295853B300F28F1A /* NineInTeam */;
			targetProxy = DE9BD374295853B900F28F1A /* PBXContainerItemProxy */;
		};
/* End PBXTargetDependency section */

/* Begin XCBuildConfiguration section */
		DE9BD37B295853B900F28F1A /* Debug */ = {
			isa = XCBuildConfiguration;
			buildSettings = {
				ALWAYS_SEARCH_USER_PATHS = NO;
				CLANG_ANALYZER_NONNULL = YES;
				CLANG_ANALYZER_NUMBER_OBJECT_CONVERSION = YES_AGGRESSIVE;
				CLANG_CXX_LANGUAGE_STANDARD = "gnu++20";
				CLANG_ENABLE_MODULES = YES;
				CLANG_ENABLE_OBJC_ARC = YES;
				CLANG_ENABLE_OBJC_WEAK = YES;
				CLANG_WARN_BLOCK_CAPTURE_AUTORELEASING = YES;
				CLANG_WARN_BOOL_CONVERSION = YES;
				CLANG_WARN_COMMA = YES;
				CLANG_WARN_CONSTANT_CONVERSION = YES;
				CLANG_WARN_DEPRECATED_OBJC_IMPLEMENTATIONS = YES;
				CLANG_WARN_DIRECT_OBJC_ISA_USAGE = YES_ERROR;
				CLANG_WARN_DOCUMENTATION_COMMENTS = YES;
				CLANG_WARN_EMPTY_BODY = YES;
				CLANG_WARN_ENUM_CONVERSION = YES;
				CLANG_WARN_INFINITE_RECURSION = YES;
				CLANG_WARN_INT_CONVERSION = YES;
				CLANG_WARN_NON_LITERAL_NULL_CONVERSION = YES;
				CLANG_WARN_OBJC_IMPLICIT_RETAIN_SELF = YES;
				CLANG_WARN_OBJC_LITERAL_CONVERSION = YES;
				CLANG_WARN_OBJC_ROOT_CLASS = YES_ERROR;
				CLANG_WARN_QUOTED_INCLUDE_IN_FRAMEWORK_HEADER = YES;
				CLANG_WARN_RANGE_LOOP_ANALYSIS = YES;
				CLANG_WARN_STRICT_PROTOTYPES = YES;
				CLANG_WARN_SUSPICIOUS_MOVE = YES;
				CLANG_WARN_UNGUARDED_AVAILABILITY = YES_AGGRESSIVE;
				CLANG_WARN_UNREACHABLE_CODE = YES;
				CLANG_WARN__DUPLICATE_METHOD_MATCH = YES;
				COPY_PHASE_STRIP = NO;
				DEBUG_INFORMATION_FORMAT = dwarf;
				ENABLE_STRICT_OBJC_MSGSEND = YES;
				ENABLE_TESTABILITY = YES;
				GCC_C_LANGUAGE_STANDARD = gnu11;
				GCC_DYNAMIC_NO_PIC = NO;
				GCC_NO_COMMON_BLOCKS = YES;
				GCC_OPTIMIZATION_LEVEL = 0;
				GCC_PREPROCESSOR_DEFINITIONS = (
					"DEBUG=1",
					"$(inherited)",
				);
				GCC_WARN_64_TO_32_BIT_CONVERSION = YES;
				GCC_WARN_ABOUT_RETURN_TYPE = YES_ERROR;
				GCC_WARN_UNDECLARED_SELECTOR = YES;
				GCC_WARN_UNINITIALIZED_AUTOS = YES_AGGRESSIVE;
				GCC_WARN_UNUSED_FUNCTION = YES;
				GCC_WARN_UNUSED_VARIABLE = YES;
				IPHONEOS_DEPLOYMENT_TARGET = 14.0;
				MTL_ENABLE_DEBUG_INFO = INCLUDE_SOURCE;
				MTL_FAST_MATH = YES;
				ONLY_ACTIVE_ARCH = YES;
				SDKROOT = iphoneos;
				SWIFT_ACTIVE_COMPILATION_CONDITIONS = DEBUG;
				SWIFT_OPTIMIZATION_LEVEL = "-Onone";
			};
			name = Debug;
		};
		DE9BD37C295853B900F28F1A /* Release */ = {
			isa = XCBuildConfiguration;
			buildSettings = {
				ALWAYS_SEARCH_USER_PATHS = NO;
				CLANG_ANALYZER_NONNULL = YES;
				CLANG_ANALYZER_NUMBER_OBJECT_CONVERSION = YES_AGGRESSIVE;
				CLANG_CXX_LANGUAGE_STANDARD = "gnu++20";
				CLANG_ENABLE_MODULES = YES;
				CLANG_ENABLE_OBJC_ARC = YES;
				CLANG_ENABLE_OBJC_WEAK = YES;
				CLANG_WARN_BLOCK_CAPTURE_AUTORELEASING = YES;
				CLANG_WARN_BOOL_CONVERSION = YES;
				CLANG_WARN_COMMA = YES;
				CLANG_WARN_CONSTANT_CONVERSION = YES;
				CLANG_WARN_DEPRECATED_OBJC_IMPLEMENTATIONS = YES;
				CLANG_WARN_DIRECT_OBJC_ISA_USAGE = YES_ERROR;
				CLANG_WARN_DOCUMENTATION_COMMENTS = YES;
				CLANG_WARN_EMPTY_BODY = YES;
				CLANG_WARN_ENUM_CONVERSION = YES;
				CLANG_WARN_INFINITE_RECURSION = YES;
				CLANG_WARN_INT_CONVERSION = YES;
				CLANG_WARN_NON_LITERAL_NULL_CONVERSION = YES;
				CLANG_WARN_OBJC_IMPLICIT_RETAIN_SELF = YES;
				CLANG_WARN_OBJC_LITERAL_CONVERSION = YES;
				CLANG_WARN_OBJC_ROOT_CLASS = YES_ERROR;
				CLANG_WARN_QUOTED_INCLUDE_IN_FRAMEWORK_HEADER = YES;
				CLANG_WARN_RANGE_LOOP_ANALYSIS = YES;
				CLANG_WARN_STRICT_PROTOTYPES = YES;
				CLANG_WARN_SUSPICIOUS_MOVE = YES;
				CLANG_WARN_UNGUARDED_AVAILABILITY = YES_AGGRESSIVE;
				CLANG_WARN_UNREACHABLE_CODE = YES;
				CLANG_WARN__DUPLICATE_METHOD_MATCH = YES;
				COPY_PHASE_STRIP = NO;
				DEBUG_INFORMATION_FORMAT = "dwarf-with-dsym";
				ENABLE_NS_ASSERTIONS = NO;
				ENABLE_STRICT_OBJC_MSGSEND = YES;
				GCC_C_LANGUAGE_STANDARD = gnu11;
				GCC_NO_COMMON_BLOCKS = YES;
				GCC_WARN_64_TO_32_BIT_CONVERSION = YES;
				GCC_WARN_ABOUT_RETURN_TYPE = YES_ERROR;
				GCC_WARN_UNDECLARED_SELECTOR = YES;
				GCC_WARN_UNINITIALIZED_AUTOS = YES_AGGRESSIVE;
				GCC_WARN_UNUSED_FUNCTION = YES;
				GCC_WARN_UNUSED_VARIABLE = YES;
				IPHONEOS_DEPLOYMENT_TARGET = 14.0;
				MTL_ENABLE_DEBUG_INFO = NO;
				MTL_FAST_MATH = YES;
				SDKROOT = iphoneos;
				SWIFT_COMPILATION_MODE = wholemodule;
				SWIFT_OPTIMIZATION_LEVEL = "-O";
				VALIDATE_PRODUCT = YES;
			};
			name = Release;
		};
		DE9BD37E295853B900F28F1A /* Debug */ = {
			isa = XCBuildConfiguration;
			buildSettings = {
				ASSETCATALOG_COMPILER_APPICON_NAME = AppIcon;
				ASSETCATALOG_COMPILER_GLOBAL_ACCENT_COLOR_NAME = AccentColor;
				CODE_SIGN_ENTITLEMENTS = NineInTeam/NineInTeam.entitlements;
				CODE_SIGN_IDENTITY = "Apple Development";
				"CODE_SIGN_IDENTITY[sdk=iphoneos*]" = "iPhone Developer";
				CODE_SIGN_STYLE = Manual;
				CURRENT_PROJECT_VERSION = 1;
				DEVELOPMENT_ASSET_PATHS = "\"NineInTeam/Preview Content\"";
				DEVELOPMENT_TEAM = "";
				"DEVELOPMENT_TEAM[sdk=iphoneos*]" = AN529668XK;
				ENABLE_PREVIEWS = YES;
				EXCLUDED_ARCHS = "";
				GENERATE_INFOPLIST_FILE = YES;
				INFOPLIST_FILE = "NineInTeam/NineInTeam-Info.plist";
				INFOPLIST_KEY_CFBundleDisplayName = NineInTeam;
				INFOPLIST_KEY_UIApplicationSceneManifest_Generation = YES;
				INFOPLIST_KEY_UIApplicationSupportsIndirectInputEvents = YES;
				INFOPLIST_KEY_UILaunchScreen_Generation = YES;
				INFOPLIST_KEY_UIStatusBarStyle = "";
				INFOPLIST_KEY_UISupportedInterfaceOrientations_iPad = "UIInterfaceOrientationPortrait UIInterfaceOrientationPortraitUpsideDown UIInterfaceOrientationLandscapeLeft UIInterfaceOrientationLandscapeRight";
				INFOPLIST_KEY_UISupportedInterfaceOrientations_iPhone = "UIInterfaceOrientationPortrait UIInterfaceOrientationLandscapeLeft UIInterfaceOrientationLandscapeRight";
				INFOPLIST_KEY_UIUserInterfaceStyle = Light;
				IPHONEOS_DEPLOYMENT_TARGET = 15.0;
				LD_RUNPATH_SEARCH_PATHS = (
					"$(inherited)",
					"@executable_path/Frameworks",
				);
				MARKETING_VERSION = 1.0;
				PRODUCT_BUNDLE_IDENTIFIER = "com.csh.9in-team";
				PRODUCT_NAME = "$(TARGET_NAME)";
				PROVISIONING_PROFILE_SPECIFIER = "";
				"PROVISIONING_PROFILE_SPECIFIER[sdk=iphoneos*]" = "9inTeam Provisioning Profile";
				SWIFT_EMIT_LOC_STRINGS = YES;
				SWIFT_VERSION = 5.0;
				TARGETED_DEVICE_FAMILY = "1,2";
			};
			name = Debug;
		};
		DE9BD37F295853B900F28F1A /* Release */ = {
			isa = XCBuildConfiguration;
			buildSettings = {
				ASSETCATALOG_COMPILER_APPICON_NAME = AppIcon;
				ASSETCATALOG_COMPILER_GLOBAL_ACCENT_COLOR_NAME = AccentColor;
				CODE_SIGN_ENTITLEMENTS = NineInTeam/NineInTeam.entitlements;
				CODE_SIGN_IDENTITY = "Apple Development";
				"CODE_SIGN_IDENTITY[sdk=iphoneos*]" = "iPhone Developer";
				CODE_SIGN_STYLE = Manual;
				CURRENT_PROJECT_VERSION = 1;
				DEVELOPMENT_ASSET_PATHS = "\"NineInTeam/Preview Content\"";
				DEVELOPMENT_TEAM = "";
				"DEVELOPMENT_TEAM[sdk=iphoneos*]" = AN529668XK;
				ENABLE_PREVIEWS = YES;
				EXCLUDED_ARCHS = "";
				GENERATE_INFOPLIST_FILE = YES;
				INFOPLIST_FILE = "NineInTeam/NineInTeam-Info.plist";
				INFOPLIST_KEY_CFBundleDisplayName = NineInTeam;
				INFOPLIST_KEY_UIApplicationSceneManifest_Generation = YES;
				INFOPLIST_KEY_UIApplicationSupportsIndirectInputEvents = YES;
				INFOPLIST_KEY_UILaunchScreen_Generation = YES;
				INFOPLIST_KEY_UIStatusBarStyle = "";
				INFOPLIST_KEY_UISupportedInterfaceOrientations_iPad = "UIInterfaceOrientationPortrait UIInterfaceOrientationPortraitUpsideDown UIInterfaceOrientationLandscapeLeft UIInterfaceOrientationLandscapeRight";
				INFOPLIST_KEY_UISupportedInterfaceOrientations_iPhone = "UIInterfaceOrientationPortrait UIInterfaceOrientationLandscapeLeft UIInterfaceOrientationLandscapeRight";
				INFOPLIST_KEY_UIUserInterfaceStyle = Light;
				IPHONEOS_DEPLOYMENT_TARGET = 15.0;
				LD_RUNPATH_SEARCH_PATHS = (
					"$(inherited)",
					"@executable_path/Frameworks",
				);
				MARKETING_VERSION = 1.0;
				PRODUCT_BUNDLE_IDENTIFIER = "com.csh.9in-team";
				PRODUCT_NAME = "$(TARGET_NAME)";
				PROVISIONING_PROFILE_SPECIFIER = "";
				"PROVISIONING_PROFILE_SPECIFIER[sdk=iphoneos*]" = "9inTeam Provisioning Profile";
				SWIFT_EMIT_LOC_STRINGS = YES;
				SWIFT_VERSION = 5.0;
				TARGETED_DEVICE_FAMILY = "1,2";
			};
			name = Release;
		};
		DE9BD381295853B900F28F1A /* Debug */ = {
			isa = XCBuildConfiguration;
			buildSettings = {
				ALWAYS_EMBED_SWIFT_STANDARD_LIBRARIES = YES;
				BUNDLE_LOADER = "$(TEST_HOST)";
				CODE_SIGN_IDENTITY = "Apple Development";
				CODE_SIGN_STYLE = Automatic;
				CURRENT_PROJECT_VERSION = 1;
				DEVELOPMENT_TEAM = "";
				GENERATE_INFOPLIST_FILE = YES;
				IPHONEOS_DEPLOYMENT_TARGET = 16.1;
				MARKETING_VERSION = 1.0;
				PRODUCT_BUNDLE_IDENTIFIER = "com.csh.9in-teamTests";
				PRODUCT_NAME = "$(TARGET_NAME)";
				PROVISIONING_PROFILE_SPECIFIER = "";
				SWIFT_EMIT_LOC_STRINGS = NO;
				SWIFT_VERSION = 5.0;
				TARGETED_DEVICE_FAMILY = "1,2";
				TEST_HOST = "$(BUILT_PRODUCTS_DIR)/NineInTeam.app/$(BUNDLE_EXECUTABLE_FOLDER_PATH)/NineInTeam";
			};
			name = Debug;
		};
		DE9BD382295853B900F28F1A /* Release */ = {
			isa = XCBuildConfiguration;
			buildSettings = {
				ALWAYS_EMBED_SWIFT_STANDARD_LIBRARIES = YES;
				BUNDLE_LOADER = "$(TEST_HOST)";
				CODE_SIGN_IDENTITY = "Apple Development";
				CODE_SIGN_STYLE = Automatic;
				CURRENT_PROJECT_VERSION = 1;
				DEVELOPMENT_TEAM = "";
				GENERATE_INFOPLIST_FILE = YES;
				IPHONEOS_DEPLOYMENT_TARGET = 16.1;
				MARKETING_VERSION = 1.0;
				PRODUCT_BUNDLE_IDENTIFIER = "com.csh.9in-teamTests";
				PRODUCT_NAME = "$(TARGET_NAME)";
				PROVISIONING_PROFILE_SPECIFIER = "";
				SWIFT_EMIT_LOC_STRINGS = NO;
				SWIFT_VERSION = 5.0;
				TARGETED_DEVICE_FAMILY = "1,2";
				TEST_HOST = "$(BUILT_PRODUCTS_DIR)/NineInTeam.app/$(BUNDLE_EXECUTABLE_FOLDER_PATH)/NineInTeam";
			};
			name = Release;
		};
		DE9BD384295853B900F28F1A /* Debug */ = {
			isa = XCBuildConfiguration;
			buildSettings = {
				ALWAYS_EMBED_SWIFT_STANDARD_LIBRARIES = YES;
				CODE_SIGN_IDENTITY = "Apple Development";
				CODE_SIGN_STYLE = Automatic;
				CURRENT_PROJECT_VERSION = 1;
				DEVELOPMENT_TEAM = "";
				GENERATE_INFOPLIST_FILE = YES;
				MARKETING_VERSION = 1.0;
				PRODUCT_BUNDLE_IDENTIFIER = "com.csh.9in-teamUITests";
				PRODUCT_NAME = "$(TARGET_NAME)";
				PROVISIONING_PROFILE_SPECIFIER = "";
				SWIFT_EMIT_LOC_STRINGS = NO;
				SWIFT_VERSION = 5.0;
				TARGETED_DEVICE_FAMILY = "1,2";
				TEST_TARGET_NAME = NineInTeam;
			};
			name = Debug;
		};
		DE9BD385295853B900F28F1A /* Release */ = {
			isa = XCBuildConfiguration;
			buildSettings = {
				ALWAYS_EMBED_SWIFT_STANDARD_LIBRARIES = YES;
				CODE_SIGN_STYLE = Automatic;
				CURRENT_PROJECT_VERSION = 1;
				DEVELOPMENT_TEAM = AN529668XK;
				GENERATE_INFOPLIST_FILE = YES;
				MARKETING_VERSION = 1.0;
				PRODUCT_BUNDLE_IDENTIFIER = "com.csh.9in-teamUITests";
				PRODUCT_NAME = "$(TARGET_NAME)";
				SWIFT_EMIT_LOC_STRINGS = NO;
				SWIFT_VERSION = 5.0;
				TARGETED_DEVICE_FAMILY = "1,2";
				TEST_TARGET_NAME = NineInTeam;
			};
			name = Release;
		};
/* End XCBuildConfiguration section */

/* Begin XCConfigurationList section */
		DE9BD354295853B300F28F1A /* Build configuration list for PBXProject "NineInTeam" */ = {
			isa = XCConfigurationList;
			buildConfigurations = (
				DE9BD37B295853B900F28F1A /* Debug */,
				DE9BD37C295853B900F28F1A /* Release */,
			);
			defaultConfigurationIsVisible = 0;
			defaultConfigurationName = Release;
		};
		DE9BD37D295853B900F28F1A /* Build configuration list for PBXNativeTarget "NineInTeam" */ = {
			isa = XCConfigurationList;
			buildConfigurations = (
				DE9BD37E295853B900F28F1A /* Debug */,
				DE9BD37F295853B900F28F1A /* Release */,
			);
			defaultConfigurationIsVisible = 0;
			defaultConfigurationName = Release;
		};
		DE9BD380295853B900F28F1A /* Build configuration list for PBXNativeTarget "NineInTeamTests" */ = {
			isa = XCConfigurationList;
			buildConfigurations = (
				DE9BD381295853B900F28F1A /* Debug */,
				DE9BD382295853B900F28F1A /* Release */,
			);
			defaultConfigurationIsVisible = 0;
			defaultConfigurationName = Release;
		};
		DE9BD383295853B900F28F1A /* Build configuration list for PBXNativeTarget "NineInTeamUITests" */ = {
			isa = XCConfigurationList;
			buildConfigurations = (
				DE9BD384295853B900F28F1A /* Debug */,
				DE9BD385295853B900F28F1A /* Release */,
			);
			defaultConfigurationIsVisible = 0;
			defaultConfigurationName = Release;
		};
/* End XCConfigurationList section */

/* Begin XCRemoteSwiftPackageReference section */
		DE4E91632989128E00EC009F /* XCRemoteSwiftPackageReference "kakao-ios-sdk" */ = {
			isa = XCRemoteSwiftPackageReference;
			repositoryURL = "https://github.com/kakao/kakao-ios-sdk";
			requirement = {
				kind = upToNextMajorVersion;
				minimumVersion = 2.0.0;
			};
		};
		DEC82E1F29A649B800D17C50 /* XCRemoteSwiftPackageReference "firebase-ios-sdk" */ = {
			isa = XCRemoteSwiftPackageReference;
			repositoryURL = "https://github.com/firebase/firebase-ios-sdk";
			requirement = {
				kind = upToNextMajorVersion;
				minimumVersion = 8.11.0;
			};
		};
/* End XCRemoteSwiftPackageReference section */

/* Begin XCSwiftPackageProductDependency section */
		39BD3EED2A14B51200E14DCA /* FirebaseStorage */ = {
			isa = XCSwiftPackageProductDependency;
			package = DEC82E1F29A649B800D17C50 /* XCRemoteSwiftPackageReference "firebase-ios-sdk" */;
			productName = FirebaseStorage;
		};
		DE4E91642989128E00EC009F /* KakaoSDK */ = {
			isa = XCSwiftPackageProductDependency;
			package = DE4E91632989128E00EC009F /* XCRemoteSwiftPackageReference "kakao-ios-sdk" */;
			productName = KakaoSDK;
		};
		DEC82E2229AA780800D17C50 /* FirebaseStorage */ = {
			isa = XCSwiftPackageProductDependency;
			package = DEC82E1F29A649B800D17C50 /* XCRemoteSwiftPackageReference "firebase-ios-sdk" */;
			productName = FirebaseStorage;
		};
/* End XCSwiftPackageProductDependency section */
	};
	rootObject = DE9BD351295853B300F28F1A /* Project object */;
}
